// !$*UTF8*$!
{
	archiveVersion = 1;
	classes = {
	};
	objectVersion = 46;
	objects = {

/* Begin PBXBuildFile section */
		210EF3631AC0A39900ED8E97 /* RedactedKit.h in Headers */ = {isa = PBXBuildFile; fileRef = 210EF3621AC0A39900ED8E97 /* RedactedKit.h */; settings = {ATTRIBUTES = (Public, ); }; };
		210EF3691AC0A39900ED8E97 /* RedactedKit.framework in Frameworks */ = {isa = PBXBuildFile; fileRef = 210EF35E1AC0A39900ED8E97 /* RedactedKit.framework */; };
		210EF3721AC0A39900ED8E97 /* RedactedKitTests.swift in Sources */ = {isa = PBXBuildFile; fileRef = 210EF3711AC0A39900ED8E97 /* RedactedKitTests.swift */; };
		210EF3751AC0A39900ED8E97 /* RedactedKit.framework in Frameworks */ = {isa = PBXBuildFile; fileRef = 210EF35E1AC0A39900ED8E97 /* RedactedKit.framework */; };
		210EF3761AC0A39900ED8E97 /* RedactedKit.framework in Embed Frameworks */ = {isa = PBXBuildFile; fileRef = 210EF35E1AC0A39900ED8E97 /* RedactedKit.framework */; settings = {ATTRIBUTES = (CodeSignOnCopy, RemoveHeadersOnCopy, ); }; };
		212456B51AD92CC70038D30D /* RedactedKit.framework in Frameworks */ = {isa = PBXBuildFile; fileRef = 212456AA1AD92CC70038D30D /* RedactedKit.framework */; };
		212456C11AD92CC70038D30D /* RedactedKit.framework in Frameworks */ = {isa = PBXBuildFile; fileRef = 212456AA1AD92CC70038D30D /* RedactedKit.framework */; };
		212456C21AD92CC70038D30D /* RedactedKit.framework in Embed Frameworks */ = {isa = PBXBuildFile; fileRef = 212456AA1AD92CC70038D30D /* RedactedKit.framework */; settings = {ATTRIBUTES = (CodeSignOnCopy, RemoveHeadersOnCopy, ); }; };
		212456CC1AD941940038D30D /* RedactionsController.swift in Sources */ = {isa = PBXBuildFile; fileRef = 212456CB1AD941940038D30D /* RedactionsController.swift */; };
		2149F2BF1AC0DB2900F4AF7E /* Redaction.swift in Sources */ = {isa = PBXBuildFile; fileRef = 2149F2BE1AC0DB2900F4AF7E /* Redaction.swift */; };
		2149F2C11AC0DFD100F4AF7E /* ChainFilter.swift in Sources */ = {isa = PBXBuildFile; fileRef = 2149F2C01AC0DFD100F4AF7E /* ChainFilter.swift */; };
		2149F2C51AC0EECC00F4AF7E /* CoreGraphics+RedactedKit.swift in Sources */ = {isa = PBXBuildFile; fileRef = 2149F2C41AC0EECC00F4AF7E /* CoreGraphics+RedactedKit.swift */; };
		2149F2CD1AC145B400F4AF7E /* CIImage+RedactedKit.swift in Sources */ = {isa = PBXBuildFile; fileRef = 2149F2CC1AC145B400F4AF7E /* CIImage+RedactedKit.swift */; };
		2151870F1AC7095C00937CD0 /* RedactedLayer.swift in Sources */ = {isa = PBXBuildFile; fileRef = 2151870E1AC7095C00937CD0 /* RedactedLayer.swift */; };
		215187111AC709CE00937CD0 /* CoreImageLayer.swift in Sources */ = {isa = PBXBuildFile; fileRef = 215187101AC709CE00937CD0 /* CoreImageLayer.swift */; };
		215288991ADD00BF00C0AEBA /* Localizable.strings in Resources */ = {isa = PBXBuildFile; fileRef = 215288971ADD00BF00C0AEBA /* Localizable.strings */; };
		2152889B1ADD01F200C0AEBA /* RedactedKit.swift in Sources */ = {isa = PBXBuildFile; fileRef = 2152889A1ADD01F200C0AEBA /* RedactedKit.swift */; };
		2152889E1ADD03F800C0AEBA /* RedactedKit.swift in Sources */ = {isa = PBXBuildFile; fileRef = 2152889A1ADD01F200C0AEBA /* RedactedKit.swift */; };
		217268771AD1075800F5F269 /* BoundingBoxLayer.swift in Sources */ = {isa = PBXBuildFile; fileRef = 217268761AD1075800F5F269 /* BoundingBoxLayer.swift */; };
		217268791AD1086A00F5F269 /* HandleLayer.swift in Sources */ = {isa = PBXBuildFile; fileRef = 217268781AD1086A00F5F269 /* HandleLayer.swift */; };
		2192BAB41AD0E62E00AC87E2 /* AppDelegate.swift in Sources */ = {isa = PBXBuildFile; fileRef = 2192BAA61AD0E62E00AC87E2 /* AppDelegate.swift */; };
		2192BAB51AD0E62E00AC87E2 /* EditorViewController.swift in Sources */ = {isa = PBXBuildFile; fileRef = 2192BAA71AD0E62E00AC87E2 /* EditorViewController.swift */; };
		2192BAB61AD0E62E00AC87E2 /* ImageDragDestinationView.swift in Sources */ = {isa = PBXBuildFile; fileRef = 2192BAA81AD0E62E00AC87E2 /* ImageDragDestinationView.swift */; };
		2192BAB71AD0E62E00AC87E2 /* ModifierClickGestureRecognizer.swift in Sources */ = {isa = PBXBuildFile; fileRef = 2192BAA91AD0E62E00AC87E2 /* ModifierClickGestureRecognizer.swift */; };
		2192BAB81AD0E62E00AC87E2 /* RedactedView.swift in Sources */ = {isa = PBXBuildFile; fileRef = 2192BAAA1AD0E62E00AC87E2 /* RedactedView.swift */; };
		2192BAB91AD0E62E00AC87E2 /* Main.storyboard in Resources */ = {isa = PBXBuildFile; fileRef = 2192BAAC1AD0E62E00AC87E2 /* Main.storyboard */; };
		2192BABA1AD0E62E00AC87E2 /* Images.xcassets in Resources */ = {isa = PBXBuildFile; fileRef = 2192BAAE1AD0E62E00AC87E2 /* Images.xcassets */; };
		2192BABC1AD0E62E00AC87E2 /* EditorWindowController.swift in Sources */ = {isa = PBXBuildFile; fileRef = 2192BAB01AD0E62E00AC87E2 /* EditorWindowController.swift */; };
		2192BABF1AD0E63400AC87E2 /* RedactedTests.swift in Sources */ = {isa = PBXBuildFile; fileRef = 2192BAB31AD0E62E00AC87E2 /* RedactedTests.swift */; };
		2192BAEF1AD0E6FD00AC87E2 /* AppDelegate.swift in Sources */ = {isa = PBXBuildFile; fileRef = 2192BAE71AD0E6FD00AC87E2 /* AppDelegate.swift */; };
		2192BAF01AD0E6FD00AC87E2 /* LaunchScreen.xib in Resources */ = {isa = PBXBuildFile; fileRef = 2192BAE81AD0E6FD00AC87E2 /* LaunchScreen.xib */; };
		2192BAF11AD0E6FD00AC87E2 /* Main.storyboard in Resources */ = {isa = PBXBuildFile; fileRef = 2192BAEA1AD0E6FD00AC87E2 /* Main.storyboard */; };
		2192BAF21AD0E6FD00AC87E2 /* Images.xcassets in Resources */ = {isa = PBXBuildFile; fileRef = 2192BAEC1AD0E6FD00AC87E2 /* Images.xcassets */; };
		2192BAF41AD0E6FD00AC87E2 /* ViewController.swift in Sources */ = {isa = PBXBuildFile; fileRef = 2192BAEE1AD0E6FD00AC87E2 /* ViewController.swift */; };
		2192BAF91AD0E70200AC87E2 /* RedactedTests.swift in Sources */ = {isa = PBXBuildFile; fileRef = 2192BAF71AD0E70200AC87E2 /* RedactedTests.swift */; };
		21DF296A1AD386B3007EB2F2 /* AboutViewController.swift in Sources */ = {isa = PBXBuildFile; fileRef = 21DF29691AD386B3007EB2F2 /* AboutViewController.swift */; };
		21DF296C1AD38A95007EB2F2 /* AboutWindowController.swift in Sources */ = {isa = PBXBuildFile; fileRef = 21DF296B1AD38A95007EB2F2 /* AboutWindowController.swift */; };
/* End PBXBuildFile section */

/* Begin PBXContainerItemProxy section */
		210EF34A1AC0A35D00ED8E97 /* PBXContainerItemProxy */ = {
			isa = PBXContainerItemProxy;
			containerPortal = 210EF32F1AC0A35C00ED8E97 /* Project object */;
			proxyType = 1;
			remoteGlobalIDString = 210EF3361AC0A35C00ED8E97;
			remoteInfo = Redacted;
		};
		210EF36A1AC0A39900ED8E97 /* PBXContainerItemProxy */ = {
			isa = PBXContainerItemProxy;
			containerPortal = 210EF32F1AC0A35C00ED8E97 /* Project object */;
			proxyType = 1;
			remoteGlobalIDString = 210EF35D1AC0A39900ED8E97;
			remoteInfo = RedactedKit;
		};
		210EF36C1AC0A39900ED8E97 /* PBXContainerItemProxy */ = {
			isa = PBXContainerItemProxy;
			containerPortal = 210EF32F1AC0A35C00ED8E97 /* Project object */;
			proxyType = 1;
			remoteGlobalIDString = 210EF3361AC0A35C00ED8E97;
			remoteInfo = Redacted;
		};
		210EF3731AC0A39900ED8E97 /* PBXContainerItemProxy */ = {
			isa = PBXContainerItemProxy;
			containerPortal = 210EF32F1AC0A35C00ED8E97 /* Project object */;
			proxyType = 1;
			remoteGlobalIDString = 210EF35D1AC0A39900ED8E97;
			remoteInfo = RedactedKit;
		};
		212456B61AD92CC70038D30D /* PBXContainerItemProxy */ = {
			isa = PBXContainerItemProxy;
			containerPortal = 210EF32F1AC0A35C00ED8E97 /* Project object */;
			proxyType = 1;
			remoteGlobalIDString = 212456A91AD92CC70038D30D;
			remoteInfo = "RedactedKit-iOS";
		};
		212456B81AD92CC70038D30D /* PBXContainerItemProxy */ = {
			isa = PBXContainerItemProxy;
			containerPortal = 210EF32F1AC0A35C00ED8E97 /* Project object */;
			proxyType = 1;
			remoteGlobalIDString = 2192BAC31AD0E6C500AC87E2;
			remoteInfo = iOS;
		};
		212456BF1AD92CC70038D30D /* PBXContainerItemProxy */ = {
			isa = PBXContainerItemProxy;
			containerPortal = 210EF32F1AC0A35C00ED8E97 /* Project object */;
			proxyType = 1;
			remoteGlobalIDString = 212456A91AD92CC70038D30D;
			remoteInfo = "RedactedKit-iOS";
		};
		2192BAD91AD0E6C500AC87E2 /* PBXContainerItemProxy */ = {
			isa = PBXContainerItemProxy;
			containerPortal = 210EF32F1AC0A35C00ED8E97 /* Project object */;
			proxyType = 1;
			remoteGlobalIDString = 2192BAC31AD0E6C500AC87E2;
			remoteInfo = Redacted;
		};
/* End PBXContainerItemProxy section */

/* Begin PBXCopyFilesBuildPhase section */
		210EF37A1AC0A39900ED8E97 /* Embed Frameworks */ = {
			isa = PBXCopyFilesBuildPhase;
			buildActionMask = 2147483647;
			dstPath = "";
			dstSubfolderSpec = 10;
			files = (
				210EF3761AC0A39900ED8E97 /* RedactedKit.framework in Embed Frameworks */,
			);
			name = "Embed Frameworks";
			runOnlyForDeploymentPostprocessing = 0;
		};
		212456701AD924400038D30D /* Embed Frameworks */ = {
			isa = PBXCopyFilesBuildPhase;
			buildActionMask = 2147483647;
			dstPath = "";
			dstSubfolderSpec = 10;
			files = (
				212456C21AD92CC70038D30D /* RedactedKit.framework in Embed Frameworks */,
			);
			name = "Embed Frameworks";
			runOnlyForDeploymentPostprocessing = 0;
		};
/* End PBXCopyFilesBuildPhase section */

/* Begin PBXFileReference section */
		210513FB1ADE688A009599D2 /* RedactedKit-Info-iOS.plist */ = {isa = PBXFileReference; lastKnownFileType = text.plist.xml; name = "RedactedKit-Info-iOS.plist"; path = "Resources/RedactedKit-Info-iOS.plist"; sourceTree = "<group>"; };
		210513FC1ADE688A009599D2 /* RedactedKit-Info-Mac.plist */ = {isa = PBXFileReference; lastKnownFileType = text.plist.xml; name = "RedactedKit-Info-Mac.plist"; path = "Resources/RedactedKit-Info-Mac.plist"; sourceTree = "<group>"; };
		210513FF1ADE68AF009599D2 /* Mac-Info.plist */ = {isa = PBXFileReference; lastKnownFileType = text.plist.xml; path = "Mac-Info.plist"; sourceTree = "<group>"; };
		210514001ADE68BD009599D2 /* MacTests-Info.plist */ = {isa = PBXFileReference; lastKnownFileType = text.plist.xml; path = "MacTests-Info.plist"; sourceTree = "<group>"; };
		210514011ADE68CC009599D2 /* iOS-Info.plist */ = {isa = PBXFileReference; lastKnownFileType = text.plist.xml; path = "iOS-Info.plist"; sourceTree = "<group>"; };
		210514021ADE68D8009599D2 /* iOSTests-Info.plist */ = {isa = PBXFileReference; lastKnownFileType = text.plist.xml; path = "iOSTests-Info.plist"; sourceTree = "<group>"; };
		210514031ADE69CF009599D2 /* RedactedKitTests-Info-iOS.plist */ = {isa = PBXFileReference; lastKnownFileType = text.plist.xml; path = "RedactedKitTests-Info-iOS.plist"; sourceTree = "<group>"; };
		210514041ADE69CF009599D2 /* RedactedKitTests-Info-Mac.plist */ = {isa = PBXFileReference; lastKnownFileType = text.plist.xml; path = "RedactedKitTests-Info-Mac.plist"; sourceTree = "<group>"; };
		210EF3371AC0A35C00ED8E97 /* Redacted.app */ = {isa = PBXFileReference; explicitFileType = wrapper.application; includeInIndex = 0; path = Redacted.app; sourceTree = BUILT_PRODUCTS_DIR; };
		210EF3491AC0A35D00ED8E97 /* MacTests.xctest */ = {isa = PBXFileReference; explicitFileType = wrapper.cfbundle; includeInIndex = 0; path = MacTests.xctest; sourceTree = BUILT_PRODUCTS_DIR; };
		210EF35E1AC0A39900ED8E97 /* RedactedKit.framework */ = {isa = PBXFileReference; explicitFileType = wrapper.framework; includeInIndex = 0; path = RedactedKit.framework; sourceTree = BUILT_PRODUCTS_DIR; };
		210EF3621AC0A39900ED8E97 /* RedactedKit.h */ = {isa = PBXFileReference; lastKnownFileType = sourcecode.c.h; path = RedactedKit.h; sourceTree = "<group>"; };
		210EF3681AC0A39900ED8E97 /* RedactedKitTests.xctest */ = {isa = PBXFileReference; explicitFileType = wrapper.cfbundle; includeInIndex = 0; path = RedactedKitTests.xctest; sourceTree = BUILT_PRODUCTS_DIR; };
		210EF3711AC0A39900ED8E97 /* RedactedKitTests.swift */ = {isa = PBXFileReference; lastKnownFileType = sourcecode.swift; path = RedactedKitTests.swift; sourceTree = "<group>"; };
		212456AA1AD92CC70038D30D /* RedactedKit.framework */ = {isa = PBXFileReference; explicitFileType = wrapper.framework; includeInIndex = 0; path = RedactedKit.framework; sourceTree = BUILT_PRODUCTS_DIR; };
		212456B41AD92CC70038D30D /* RedactedKit-iOSTests.xctest */ = {isa = PBXFileReference; explicitFileType = wrapper.cfbundle; includeInIndex = 0; path = "RedactedKit-iOSTests.xctest"; sourceTree = BUILT_PRODUCTS_DIR; };
		212456CB1AD941940038D30D /* RedactionsController.swift */ = {isa = PBXFileReference; fileEncoding = 4; lastKnownFileType = sourcecode.swift; path = RedactionsController.swift; sourceTree = "<group>"; };
		2149F2BE1AC0DB2900F4AF7E /* Redaction.swift */ = {isa = PBXFileReference; fileEncoding = 4; lastKnownFileType = sourcecode.swift; path = Redaction.swift; sourceTree = "<group>"; };
		2149F2C01AC0DFD100F4AF7E /* ChainFilter.swift */ = {isa = PBXFileReference; fileEncoding = 4; lastKnownFileType = sourcecode.swift; path = ChainFilter.swift; sourceTree = "<group>"; };
		2149F2C41AC0EECC00F4AF7E /* CoreGraphics+RedactedKit.swift */ = {isa = PBXFileReference; fileEncoding = 4; lastKnownFileType = sourcecode.swift; path = "CoreGraphics+RedactedKit.swift"; sourceTree = "<group>"; };
		2149F2CC1AC145B400F4AF7E /* CIImage+RedactedKit.swift */ = {isa = PBXFileReference; fileEncoding = 4; lastKnownFileType = sourcecode.swift; path = "CIImage+RedactedKit.swift"; sourceTree = "<group>"; };
		2151870E1AC7095C00937CD0 /* RedactedLayer.swift */ = {isa = PBXFileReference; fileEncoding = 4; lastKnownFileType = sourcecode.swift; path = RedactedLayer.swift; sourceTree = "<group>"; };
		215187101AC709CE00937CD0 /* CoreImageLayer.swift */ = {isa = PBXFileReference; fileEncoding = 4; lastKnownFileType = sourcecode.swift; path = CoreImageLayer.swift; sourceTree = "<group>"; };
		215288981ADD00BF00C0AEBA /* en */ = {isa = PBXFileReference; lastKnownFileType = text.plist.strings; name = en; path = Resources/en.lproj/Localizable.strings; sourceTree = "<group>"; };
		2152889A1ADD01F200C0AEBA /* RedactedKit.swift */ = {isa = PBXFileReference; fileEncoding = 4; lastKnownFileType = sourcecode.swift; path = RedactedKit.swift; sourceTree = "<group>"; };
		215288A01ADD06BE00C0AEBA /* en */ = {isa = PBXFileReference; lastKnownFileType = text.plist.strings; name = en; path = en.lproj/Main.strings; sourceTree = "<group>"; };
		217268761AD1075800F5F269 /* BoundingBoxLayer.swift */ = {isa = PBXFileReference; fileEncoding = 4; lastKnownFileType = sourcecode.swift; path = BoundingBoxLayer.swift; sourceTree = "<group>"; };
		217268781AD1086A00F5F269 /* HandleLayer.swift */ = {isa = PBXFileReference; fileEncoding = 4; lastKnownFileType = sourcecode.swift; path = HandleLayer.swift; sourceTree = "<group>"; };
		2192BAA61AD0E62E00AC87E2 /* AppDelegate.swift */ = {isa = PBXFileReference; fileEncoding = 4; lastKnownFileType = sourcecode.swift; path = AppDelegate.swift; sourceTree = "<group>"; };
		2192BAA71AD0E62E00AC87E2 /* EditorViewController.swift */ = {isa = PBXFileReference; fileEncoding = 4; lastKnownFileType = sourcecode.swift; path = EditorViewController.swift; sourceTree = "<group>"; };
		2192BAA81AD0E62E00AC87E2 /* ImageDragDestinationView.swift */ = {isa = PBXFileReference; fileEncoding = 4; lastKnownFileType = sourcecode.swift; path = ImageDragDestinationView.swift; sourceTree = "<group>"; };
		2192BAA91AD0E62E00AC87E2 /* ModifierClickGestureRecognizer.swift */ = {isa = PBXFileReference; fileEncoding = 4; lastKnownFileType = sourcecode.swift; path = ModifierClickGestureRecognizer.swift; sourceTree = "<group>"; };
		2192BAAA1AD0E62E00AC87E2 /* RedactedView.swift */ = {isa = PBXFileReference; fileEncoding = 4; lastKnownFileType = sourcecode.swift; path = RedactedView.swift; sourceTree = "<group>"; };
		2192BAAD1AD0E62E00AC87E2 /* Base */ = {isa = PBXFileReference; lastKnownFileType = file.storyboard; name = Base; path = Base.lproj/Main.storyboard; sourceTree = "<group>"; };
		2192BAAE1AD0E62E00AC87E2 /* Images.xcassets */ = {isa = PBXFileReference; lastKnownFileType = folder.assetcatalog; path = Images.xcassets; sourceTree = "<group>"; };
		2192BAB01AD0E62E00AC87E2 /* EditorWindowController.swift */ = {isa = PBXFileReference; fileEncoding = 4; lastKnownFileType = sourcecode.swift; path = EditorWindowController.swift; sourceTree = "<group>"; };
		2192BAB31AD0E62E00AC87E2 /* RedactedTests.swift */ = {isa = PBXFileReference; fileEncoding = 4; lastKnownFileType = sourcecode.swift; path = RedactedTests.swift; sourceTree = "<group>"; };
		2192BAC41AD0E6C500AC87E2 /* Redacted.app */ = {isa = PBXFileReference; explicitFileType = wrapper.application; includeInIndex = 0; path = Redacted.app; sourceTree = BUILT_PRODUCTS_DIR; };
		2192BAD81AD0E6C500AC87E2 /* iOSTests.xctest */ = {isa = PBXFileReference; explicitFileType = wrapper.cfbundle; includeInIndex = 0; path = iOSTests.xctest; sourceTree = BUILT_PRODUCTS_DIR; };
		2192BAE71AD0E6FD00AC87E2 /* AppDelegate.swift */ = {isa = PBXFileReference; fileEncoding = 4; lastKnownFileType = sourcecode.swift; path = AppDelegate.swift; sourceTree = "<group>"; };
		2192BAE91AD0E6FD00AC87E2 /* Base */ = {isa = PBXFileReference; lastKnownFileType = file.xib; name = Base; path = Base.lproj/LaunchScreen.xib; sourceTree = "<group>"; };
		2192BAEB1AD0E6FD00AC87E2 /* Base */ = {isa = PBXFileReference; lastKnownFileType = file.storyboard; name = Base; path = Base.lproj/Main.storyboard; sourceTree = "<group>"; };
		2192BAEC1AD0E6FD00AC87E2 /* Images.xcassets */ = {isa = PBXFileReference; lastKnownFileType = folder.assetcatalog; path = Images.xcassets; sourceTree = "<group>"; };
		2192BAEE1AD0E6FD00AC87E2 /* ViewController.swift */ = {isa = PBXFileReference; fileEncoding = 4; lastKnownFileType = sourcecode.swift; path = ViewController.swift; sourceTree = "<group>"; };
		2192BAF71AD0E70200AC87E2 /* RedactedTests.swift */ = {isa = PBXFileReference; fileEncoding = 4; lastKnownFileType = sourcecode.swift; path = RedactedTests.swift; sourceTree = "<group>"; };
		21DCDDAC1ADA560A00629E8F /* Redacted.entitlements */ = {isa = PBXFileReference; fileEncoding = 4; lastKnownFileType = text.xml; path = Redacted.entitlements; sourceTree = "<group>"; };
		21DF29691AD386B3007EB2F2 /* AboutViewController.swift */ = {isa = PBXFileReference; fileEncoding = 4; lastKnownFileType = sourcecode.swift; path = AboutViewController.swift; sourceTree = "<group>"; };
		21DF296B1AD38A95007EB2F2 /* AboutWindowController.swift */ = {isa = PBXFileReference; fileEncoding = 4; lastKnownFileType = sourcecode.swift; path = AboutWindowController.swift; sourceTree = "<group>"; };
/* End PBXFileReference section */

/* Begin PBXFrameworksBuildPhase section */
		210EF3341AC0A35C00ED8E97 /* Frameworks */ = {
			isa = PBXFrameworksBuildPhase;
			buildActionMask = 2147483647;
			files = (
				210EF3751AC0A39900ED8E97 /* RedactedKit.framework in Frameworks */,
			);
			runOnlyForDeploymentPostprocessing = 0;
		};
		210EF3461AC0A35D00ED8E97 /* Frameworks */ = {
			isa = PBXFrameworksBuildPhase;
			buildActionMask = 2147483647;
			files = (
			);
			runOnlyForDeploymentPostprocessing = 0;
		};
		210EF35A1AC0A39900ED8E97 /* Frameworks */ = {
			isa = PBXFrameworksBuildPhase;
			buildActionMask = 2147483647;
			files = (
			);
			runOnlyForDeploymentPostprocessing = 0;
		};
		210EF3651AC0A39900ED8E97 /* Frameworks */ = {
			isa = PBXFrameworksBuildPhase;
			buildActionMask = 2147483647;
			files = (
				210EF3691AC0A39900ED8E97 /* RedactedKit.framework in Frameworks */,
			);
			runOnlyForDeploymentPostprocessing = 0;
		};
		212456A61AD92CC70038D30D /* Frameworks */ = {
			isa = PBXFrameworksBuildPhase;
			buildActionMask = 2147483647;
			files = (
			);
			runOnlyForDeploymentPostprocessing = 0;
		};
		212456B11AD92CC70038D30D /* Frameworks */ = {
			isa = PBXFrameworksBuildPhase;
			buildActionMask = 2147483647;
			files = (
				212456B51AD92CC70038D30D /* RedactedKit.framework in Frameworks */,
			);
			runOnlyForDeploymentPostprocessing = 0;
		};
		2192BAC11AD0E6C500AC87E2 /* Frameworks */ = {
			isa = PBXFrameworksBuildPhase;
			buildActionMask = 2147483647;
			files = (
				212456C11AD92CC70038D30D /* RedactedKit.framework in Frameworks */,
			);
			runOnlyForDeploymentPostprocessing = 0;
		};
		2192BAD51AD0E6C500AC87E2 /* Frameworks */ = {
			isa = PBXFrameworksBuildPhase;
			buildActionMask = 2147483647;
			files = (
			);
			runOnlyForDeploymentPostprocessing = 0;
		};
/* End PBXFrameworksBuildPhase section */

/* Begin PBXGroup section */
		210EF32E1AC0A35C00ED8E97 = {
			isa = PBXGroup;
			children = (
				210EF35F1AC0A39900ED8E97 /* RedactedKit */,
				210EF36E1AC0A39900ED8E97 /* RedactedKitTests */,
				2192BAA51AD0E62E00AC87E2 /* Mac */,
				2192BAB11AD0E62E00AC87E2 /* MacTests */,
				2192BAE61AD0E6FD00AC87E2 /* iOS */,
				2192BAF51AD0E70200AC87E2 /* iOSTests */,
				210EF3381AC0A35C00ED8E97 /* Products */,
			);
			indentWidth = 4;
			sourceTree = "<group>";
		};
		210EF3381AC0A35C00ED8E97 /* Products */ = {
			isa = PBXGroup;
			children = (
				210EF3371AC0A35C00ED8E97 /* Redacted.app */,
				210EF3491AC0A35D00ED8E97 /* MacTests.xctest */,
				210EF35E1AC0A39900ED8E97 /* RedactedKit.framework */,
				210EF3681AC0A39900ED8E97 /* RedactedKitTests.xctest */,
				2192BAC41AD0E6C500AC87E2 /* Redacted.app */,
				2192BAD81AD0E6C500AC87E2 /* iOSTests.xctest */,
				212456AA1AD92CC70038D30D /* RedactedKit.framework */,
				212456B41AD92CC70038D30D /* RedactedKit-iOSTests.xctest */,
			);
			name = Products;
			sourceTree = "<group>";
		};
		210EF35F1AC0A39900ED8E97 /* RedactedKit */ = {
			isa = PBXGroup;
			children = (
				210EF3621AC0A39900ED8E97 /* RedactedKit.h */,
				2152889A1ADD01F200C0AEBA /* RedactedKit.swift */,
				216596011ACE124600D22DB0 /* Models */,
				216595FF1ACE123600D22DB0 /* Layers */,
				216596001ACE124200D22DB0 /* Utilities */,
				210EF3601AC0A39900ED8E97 /* Resources */,
			);
			path = RedactedKit;
			sourceTree = SOURCE_ROOT;
		};
		210EF3601AC0A39900ED8E97 /* Resources */ = {
			isa = PBXGroup;
			children = (
				210513FB1ADE688A009599D2 /* RedactedKit-Info-iOS.plist */,
				210513FC1ADE688A009599D2 /* RedactedKit-Info-Mac.plist */,
				215288971ADD00BF00C0AEBA /* Localizable.strings */,
			);
			name = Resources;
			sourceTree = "<group>";
		};
		210EF36E1AC0A39900ED8E97 /* RedactedKitTests */ = {
			isa = PBXGroup;
			children = (
				210EF3711AC0A39900ED8E97 /* RedactedKitTests.swift */,
				210EF36F1AC0A39900ED8E97 /* Supporting Files */,
			);
			path = RedactedKitTests;
			sourceTree = "<group>";
		};
		210EF36F1AC0A39900ED8E97 /* Supporting Files */ = {
			isa = PBXGroup;
			children = (
				210514031ADE69CF009599D2 /* RedactedKitTests-Info-iOS.plist */,
				210514041ADE69CF009599D2 /* RedactedKitTests-Info-Mac.plist */,
			);
			name = "Supporting Files";
			sourceTree = "<group>";
		};
		216595FF1ACE123600D22DB0 /* Layers */ = {
			isa = PBXGroup;
			children = (
				215187101AC709CE00937CD0 /* CoreImageLayer.swift */,
				2151870E1AC7095C00937CD0 /* RedactedLayer.swift */,
				217268761AD1075800F5F269 /* BoundingBoxLayer.swift */,
				217268781AD1086A00F5F269 /* HandleLayer.swift */,
			);
			name = Layers;
			sourceTree = "<group>";
		};
		216596001ACE124200D22DB0 /* Utilities */ = {
			isa = PBXGroup;
			children = (
				2149F2C01AC0DFD100F4AF7E /* ChainFilter.swift */,
				2149F2CC1AC145B400F4AF7E /* CIImage+RedactedKit.swift */,
				2149F2C41AC0EECC00F4AF7E /* CoreGraphics+RedactedKit.swift */,
				212456CB1AD941940038D30D /* RedactionsController.swift */,
			);
			name = Utilities;
			sourceTree = "<group>";
		};
		216596011ACE124600D22DB0 /* Models */ = {
			isa = PBXGroup;
			children = (
				2149F2BE1AC0DB2900F4AF7E /* Redaction.swift */,
			);
			name = Models;
			sourceTree = "<group>";
		};
		2192BAA51AD0E62E00AC87E2 /* Mac */ = {
			isa = PBXGroup;
			children = (
				21DF296D1AD38CA2007EB2F2 /* Application */,
				21DF296F1AD38CB0007EB2F2 /* Window Controllers */,
				21DF296E1AD38CAA007EB2F2 /* View Controllers */,
				21DF29701AD38CBC007EB2F2 /* Views */,
				21DF29711AD38CBF007EB2F2 /* Utilities */,
				2192BAAB1AD0E62E00AC87E2 /* Resources */,
			);
			path = Mac;
			sourceTree = "<group>";
		};
		2192BAAB1AD0E62E00AC87E2 /* Resources */ = {
			isa = PBXGroup;
			children = (
				210513FF1ADE68AF009599D2 /* Mac-Info.plist */,
				21DCDDAC1ADA560A00629E8F /* Redacted.entitlements */,
				2192BAAC1AD0E62E00AC87E2 /* Main.storyboard */,
				2192BAAE1AD0E62E00AC87E2 /* Images.xcassets */,
			);
			path = Resources;
			sourceTree = "<group>";
		};
		2192BAB11AD0E62E00AC87E2 /* MacTests */ = {
			isa = PBXGroup;
			children = (
				210514001ADE68BD009599D2 /* MacTests-Info.plist */,
				2192BAB31AD0E62E00AC87E2 /* RedactedTests.swift */,
			);
			path = MacTests;
			sourceTree = "<group>";
		};
		2192BAE61AD0E6FD00AC87E2 /* iOS */ = {
			isa = PBXGroup;
			children = (
				210514011ADE68CC009599D2 /* iOS-Info.plist */,
				2192BAE71AD0E6FD00AC87E2 /* AppDelegate.swift */,
				2192BAEE1AD0E6FD00AC87E2 /* ViewController.swift */,
				2192BAE81AD0E6FD00AC87E2 /* LaunchScreen.xib */,
				2192BAEA1AD0E6FD00AC87E2 /* Main.storyboard */,
				2192BAEC1AD0E6FD00AC87E2 /* Images.xcassets */,
			);
			path = iOS;
			sourceTree = "<group>";
		};
		2192BAF51AD0E70200AC87E2 /* iOSTests */ = {
			isa = PBXGroup;
			children = (
				210514021ADE68D8009599D2 /* iOSTests-Info.plist */,
				2192BAF71AD0E70200AC87E2 /* RedactedTests.swift */,
			);
			path = iOSTests;
			sourceTree = "<group>";
		};
		21DF296D1AD38CA2007EB2F2 /* Application */ = {
			isa = PBXGroup;
			children = (
				2192BAA61AD0E62E00AC87E2 /* AppDelegate.swift */,
			);
			name = Application;
			sourceTree = "<group>";
		};
		21DF296E1AD38CAA007EB2F2 /* View Controllers */ = {
			isa = PBXGroup;
			children = (
				2192BAA71AD0E62E00AC87E2 /* EditorViewController.swift */,
				21DF29691AD386B3007EB2F2 /* AboutViewController.swift */,
			);
			name = "View Controllers";
			sourceTree = "<group>";
		};
		21DF296F1AD38CB0007EB2F2 /* Window Controllers */ = {
			isa = PBXGroup;
			children = (
				2192BAB01AD0E62E00AC87E2 /* EditorWindowController.swift */,
				21DF296B1AD38A95007EB2F2 /* AboutWindowController.swift */,
			);
			name = "Window Controllers";
			sourceTree = "<group>";
		};
		21DF29701AD38CBC007EB2F2 /* Views */ = {
			isa = PBXGroup;
			children = (
				2192BAA81AD0E62E00AC87E2 /* ImageDragDestinationView.swift */,
				2192BAAA1AD0E62E00AC87E2 /* RedactedView.swift */,
			);
			name = Views;
			sourceTree = "<group>";
		};
		21DF29711AD38CBF007EB2F2 /* Utilities */ = {
			isa = PBXGroup;
			children = (
				2192BAA91AD0E62E00AC87E2 /* ModifierClickGestureRecognizer.swift */,
			);
			name = Utilities;
			sourceTree = "<group>";
		};
/* End PBXGroup section */

/* Begin PBXHeadersBuildPhase section */
		210EF35B1AC0A39900ED8E97 /* Headers */ = {
			isa = PBXHeadersBuildPhase;
			buildActionMask = 2147483647;
			files = (
				210EF3631AC0A39900ED8E97 /* RedactedKit.h in Headers */,
			);
			runOnlyForDeploymentPostprocessing = 0;
		};
		212456A71AD92CC70038D30D /* Headers */ = {
			isa = PBXHeadersBuildPhase;
			buildActionMask = 2147483647;
			files = (
			);
			runOnlyForDeploymentPostprocessing = 0;
		};
/* End PBXHeadersBuildPhase section */

/* Begin PBXNativeTarget section */
		210EF3361AC0A35C00ED8E97 /* Mac */ = {
			isa = PBXNativeTarget;
			buildConfigurationList = 210EF3531AC0A35D00ED8E97 /* Build configuration list for PBXNativeTarget "Mac" */;
			buildPhases = (
				210EF3331AC0A35C00ED8E97 /* Sources */,
				210EF3341AC0A35C00ED8E97 /* Frameworks */,
				210EF3351AC0A35C00ED8E97 /* Resources */,
				210EF37A1AC0A39900ED8E97 /* Embed Frameworks */,
			);
			buildRules = (
			);
			dependencies = (
				210EF3741AC0A39900ED8E97 /* PBXTargetDependency */,
			);
			name = Mac;
			productName = Redacted;
			productReference = 210EF3371AC0A35C00ED8E97 /* Redacted.app */;
			productType = "com.apple.product-type.application";
		};
		210EF3481AC0A35D00ED8E97 /* MacTests */ = {
			isa = PBXNativeTarget;
			buildConfigurationList = 210EF3561AC0A35D00ED8E97 /* Build configuration list for PBXNativeTarget "MacTests" */;
			buildPhases = (
				210EF3451AC0A35D00ED8E97 /* Sources */,
				210EF3461AC0A35D00ED8E97 /* Frameworks */,
				210EF3471AC0A35D00ED8E97 /* Resources */,
			);
			buildRules = (
			);
			dependencies = (
				210EF34B1AC0A35D00ED8E97 /* PBXTargetDependency */,
			);
			name = MacTests;
			productName = RedactedTests;
			productReference = 210EF3491AC0A35D00ED8E97 /* MacTests.xctest */;
			productType = "com.apple.product-type.bundle.unit-test";
		};
		210EF35D1AC0A39900ED8E97 /* RedactedKit */ = {
			isa = PBXNativeTarget;
			buildConfigurationList = 210EF3771AC0A39900ED8E97 /* Build configuration list for PBXNativeTarget "RedactedKit" */;
			buildPhases = (
				210EF3591AC0A39900ED8E97 /* Sources */,
				210EF35A1AC0A39900ED8E97 /* Frameworks */,
				210EF35B1AC0A39900ED8E97 /* Headers */,
				210EF35C1AC0A39900ED8E97 /* Resources */,
			);
			buildRules = (
			);
			dependencies = (
			);
			name = RedactedKit;
			productName = RedactedKit;
			productReference = 210EF35E1AC0A39900ED8E97 /* RedactedKit.framework */;
			productType = "com.apple.product-type.framework";
		};
		210EF3671AC0A39900ED8E97 /* RedactedKitTests */ = {
			isa = PBXNativeTarget;
			buildConfigurationList = 210EF37B1AC0A39900ED8E97 /* Build configuration list for PBXNativeTarget "RedactedKitTests" */;
			buildPhases = (
				210EF3641AC0A39900ED8E97 /* Sources */,
				210EF3651AC0A39900ED8E97 /* Frameworks */,
				210EF3661AC0A39900ED8E97 /* Resources */,
			);
			buildRules = (
			);
			dependencies = (
				210EF36B1AC0A39900ED8E97 /* PBXTargetDependency */,
				210EF36D1AC0A39900ED8E97 /* PBXTargetDependency */,
			);
			name = RedactedKitTests;
			productName = RedactedKitTests;
			productReference = 210EF3681AC0A39900ED8E97 /* RedactedKitTests.xctest */;
			productType = "com.apple.product-type.bundle.unit-test";
		};
		212456A91AD92CC70038D30D /* RedactedKit-iOS */ = {
			isa = PBXNativeTarget;
			buildConfigurationList = 212456C31AD92CC70038D30D /* Build configuration list for PBXNativeTarget "RedactedKit-iOS" */;
			buildPhases = (
				212456A51AD92CC70038D30D /* Sources */,
				212456A61AD92CC70038D30D /* Frameworks */,
				212456A71AD92CC70038D30D /* Headers */,
				212456A81AD92CC70038D30D /* Resources */,
			);
			buildRules = (
			);
			dependencies = (
			);
			name = "RedactedKit-iOS";
			productName = "RedactedKit-iOS";
			productReference = 212456AA1AD92CC70038D30D /* RedactedKit.framework */;
			productType = "com.apple.product-type.framework";
		};
		212456B31AD92CC70038D30D /* RedactedKit-iOSTests */ = {
			isa = PBXNativeTarget;
			buildConfigurationList = 212456C61AD92CC70038D30D /* Build configuration list for PBXNativeTarget "RedactedKit-iOSTests" */;
			buildPhases = (
				212456B01AD92CC70038D30D /* Sources */,
				212456B11AD92CC70038D30D /* Frameworks */,
				212456B21AD92CC70038D30D /* Resources */,
			);
			buildRules = (
			);
			dependencies = (
				212456B71AD92CC70038D30D /* PBXTargetDependency */,
				212456B91AD92CC70038D30D /* PBXTargetDependency */,
			);
			name = "RedactedKit-iOSTests";
			productName = "RedactedKit-iOSTests";
			productReference = 212456B41AD92CC70038D30D /* RedactedKit-iOSTests.xctest */;
			productType = "com.apple.product-type.bundle.unit-test";
		};
		2192BAC31AD0E6C500AC87E2 /* iOS */ = {
			isa = PBXNativeTarget;
			buildConfigurationList = 2192BAE01AD0E6C500AC87E2 /* Build configuration list for PBXNativeTarget "iOS" */;
			buildPhases = (
				2192BAC01AD0E6C500AC87E2 /* Sources */,
				2192BAC11AD0E6C500AC87E2 /* Frameworks */,
				2192BAC21AD0E6C500AC87E2 /* Resources */,
				212456701AD924400038D30D /* Embed Frameworks */,
			);
			buildRules = (
			);
			dependencies = (
				212456C01AD92CC70038D30D /* PBXTargetDependency */,
			);
			name = iOS;
			productName = Redacted;
			productReference = 2192BAC41AD0E6C500AC87E2 /* Redacted.app */;
			productType = "com.apple.product-type.application";
		};
		2192BAD71AD0E6C500AC87E2 /* iOSTests */ = {
			isa = PBXNativeTarget;
			buildConfigurationList = 2192BAE31AD0E6C500AC87E2 /* Build configuration list for PBXNativeTarget "iOSTests" */;
			buildPhases = (
				2192BAD41AD0E6C500AC87E2 /* Sources */,
				2192BAD51AD0E6C500AC87E2 /* Frameworks */,
				2192BAD61AD0E6C500AC87E2 /* Resources */,
			);
			buildRules = (
			);
			dependencies = (
				2192BADA1AD0E6C500AC87E2 /* PBXTargetDependency */,
			);
			name = iOSTests;
			productName = RedactedTests;
			productReference = 2192BAD81AD0E6C500AC87E2 /* iOSTests.xctest */;
			productType = "com.apple.product-type.bundle.unit-test";
		};
/* End PBXNativeTarget section */

/* Begin PBXProject section */
		210EF32F1AC0A35C00ED8E97 /* Project object */ = {
			isa = PBXProject;
			attributes = {
				LastUpgradeCheck = 0630;
				ORGANIZATIONNAME = "Nothing Magical Inc.";
				TargetAttributes = {
					210EF3361AC0A35C00ED8E97 = {
						CreatedOnToolsVersion = 6.3;
						DevelopmentTeam = UP9C8XM22A;
						SystemCapabilities = {
							com.apple.Sandbox = {
								enabled = 1;
							};
						};
					};
					210EF3481AC0A35D00ED8E97 = {
						CreatedOnToolsVersion = 6.3;
						TestTargetID = 210EF3361AC0A35C00ED8E97;
					};
					210EF35D1AC0A39900ED8E97 = {
						CreatedOnToolsVersion = 6.3;
						DevelopmentTeam = UP9C8XM22A;
					};
					210EF3671AC0A39900ED8E97 = {
						CreatedOnToolsVersion = 6.3;
						TestTargetID = 210EF3361AC0A35C00ED8E97;
					};
					212456A91AD92CC70038D30D = {
						CreatedOnToolsVersion = 6.3;
					};
					212456B31AD92CC70038D30D = {
						CreatedOnToolsVersion = 6.3;
						TestTargetID = 2192BAC31AD0E6C500AC87E2;
					};
					2192BAC31AD0E6C500AC87E2 = {
						CreatedOnToolsVersion = 6.3;
						DevelopmentTeam = UP9C8XM22A;
					};
					2192BAD71AD0E6C500AC87E2 = {
						CreatedOnToolsVersion = 6.3;
						TestTargetID = 2192BAC31AD0E6C500AC87E2;
					};
				};
			};
			buildConfigurationList = 210EF3321AC0A35C00ED8E97 /* Build configuration list for PBXProject "Redacted" */;
			compatibilityVersion = "Xcode 3.2";
			developmentRegion = English;
			hasScannedForEncodings = 0;
			knownRegions = (
				en,
				Base,
			);
			mainGroup = 210EF32E1AC0A35C00ED8E97;
			productRefGroup = 210EF3381AC0A35C00ED8E97 /* Products */;
			projectDirPath = "";
			projectRoot = "";
			targets = (
				210EF3361AC0A35C00ED8E97 /* Mac */,
				210EF3481AC0A35D00ED8E97 /* MacTests */,
				210EF35D1AC0A39900ED8E97 /* RedactedKit */,
				210EF3671AC0A39900ED8E97 /* RedactedKitTests */,
				2192BAC31AD0E6C500AC87E2 /* iOS */,
				2192BAD71AD0E6C500AC87E2 /* iOSTests */,
				212456A91AD92CC70038D30D /* RedactedKit-iOS */,
				212456B31AD92CC70038D30D /* RedactedKit-iOSTests */,
			);
		};
/* End PBXProject section */

/* Begin PBXResourcesBuildPhase section */
		210EF3351AC0A35C00ED8E97 /* Resources */ = {
			isa = PBXResourcesBuildPhase;
			buildActionMask = 2147483647;
			files = (
				2192BAB91AD0E62E00AC87E2 /* Main.storyboard in Resources */,
				2192BABA1AD0E62E00AC87E2 /* Images.xcassets in Resources */,
			);
			runOnlyForDeploymentPostprocessing = 0;
		};
		210EF3471AC0A35D00ED8E97 /* Resources */ = {
			isa = PBXResourcesBuildPhase;
			buildActionMask = 2147483647;
			files = (
			);
			runOnlyForDeploymentPostprocessing = 0;
		};
		210EF35C1AC0A39900ED8E97 /* Resources */ = {
			isa = PBXResourcesBuildPhase;
			buildActionMask = 2147483647;
			files = (
				215288991ADD00BF00C0AEBA /* Localizable.strings in Resources */,
			);
			runOnlyForDeploymentPostprocessing = 0;
		};
		210EF3661AC0A39900ED8E97 /* Resources */ = {
			isa = PBXResourcesBuildPhase;
			buildActionMask = 2147483647;
			files = (
			);
			runOnlyForDeploymentPostprocessing = 0;
		};
		212456A81AD92CC70038D30D /* Resources */ = {
			isa = PBXResourcesBuildPhase;
			buildActionMask = 2147483647;
			files = (
			);
			runOnlyForDeploymentPostprocessing = 0;
		};
		212456B21AD92CC70038D30D /* Resources */ = {
			isa = PBXResourcesBuildPhase;
			buildActionMask = 2147483647;
			files = (
			);
			runOnlyForDeploymentPostprocessing = 0;
		};
		2192BAC21AD0E6C500AC87E2 /* Resources */ = {
			isa = PBXResourcesBuildPhase;
			buildActionMask = 2147483647;
			files = (
				2192BAF21AD0E6FD00AC87E2 /* Images.xcassets in Resources */,
				2192BAF01AD0E6FD00AC87E2 /* LaunchScreen.xib in Resources */,
				2192BAF11AD0E6FD00AC87E2 /* Main.storyboard in Resources */,
			);
			runOnlyForDeploymentPostprocessing = 0;
		};
		2192BAD61AD0E6C500AC87E2 /* Resources */ = {
			isa = PBXResourcesBuildPhase;
			buildActionMask = 2147483647;
			files = (
			);
			runOnlyForDeploymentPostprocessing = 0;
		};
/* End PBXResourcesBuildPhase section */

/* Begin PBXSourcesBuildPhase section */
		210EF3331AC0A35C00ED8E97 /* Sources */ = {
			isa = PBXSourcesBuildPhase;
			buildActionMask = 2147483647;
			files = (
				2192BAB41AD0E62E00AC87E2 /* AppDelegate.swift in Sources */,
				2192BABC1AD0E62E00AC87E2 /* EditorWindowController.swift in Sources */,
				2192BAB51AD0E62E00AC87E2 /* EditorViewController.swift in Sources */,
				21DF296A1AD386B3007EB2F2 /* AboutViewController.swift in Sources */,
				2192BAB61AD0E62E00AC87E2 /* ImageDragDestinationView.swift in Sources */,
				21DF296C1AD38A95007EB2F2 /* AboutWindowController.swift in Sources */,
				2192BAB71AD0E62E00AC87E2 /* ModifierClickGestureRecognizer.swift in Sources */,
				2192BAB81AD0E62E00AC87E2 /* RedactedView.swift in Sources */,
			);
			runOnlyForDeploymentPostprocessing = 0;
		};
		210EF3451AC0A35D00ED8E97 /* Sources */ = {
			isa = PBXSourcesBuildPhase;
			buildActionMask = 2147483647;
			files = (
				2192BABF1AD0E63400AC87E2 /* RedactedTests.swift in Sources */,
			);
			runOnlyForDeploymentPostprocessing = 0;
		};
		210EF3591AC0A39900ED8E97 /* Sources */ = {
			isa = PBXSourcesBuildPhase;
			buildActionMask = 2147483647;
			files = (
				2149F2BF1AC0DB2900F4AF7E /* Redaction.swift in Sources */,
				2149F2C51AC0EECC00F4AF7E /* CoreGraphics+RedactedKit.swift in Sources */,
				2152889B1ADD01F200C0AEBA /* RedactedKit.swift in Sources */,
				2149F2C11AC0DFD100F4AF7E /* ChainFilter.swift in Sources */,
				212456CC1AD941940038D30D /* RedactionsController.swift in Sources */,
				2149F2CD1AC145B400F4AF7E /* CIImage+RedactedKit.swift in Sources */,
				217268771AD1075800F5F269 /* BoundingBoxLayer.swift in Sources */,
				215187111AC709CE00937CD0 /* CoreImageLayer.swift in Sources */,
				2151870F1AC7095C00937CD0 /* RedactedLayer.swift in Sources */,
				217268791AD1086A00F5F269 /* HandleLayer.swift in Sources */,
			);
			runOnlyForDeploymentPostprocessing = 0;
		};
		210EF3641AC0A39900ED8E97 /* Sources */ = {
			isa = PBXSourcesBuildPhase;
			buildActionMask = 2147483647;
			files = (
				210EF3721AC0A39900ED8E97 /* RedactedKitTests.swift in Sources */,
			);
			runOnlyForDeploymentPostprocessing = 0;
		};
		212456A51AD92CC70038D30D /* Sources */ = {
			isa = PBXSourcesBuildPhase;
			buildActionMask = 2147483647;
			files = (
				2152889E1ADD03F800C0AEBA /* RedactedKit.swift in Sources */,
			);
			runOnlyForDeploymentPostprocessing = 0;
		};
		212456B01AD92CC70038D30D /* Sources */ = {
			isa = PBXSourcesBuildPhase;
			buildActionMask = 2147483647;
			files = (
			);
			runOnlyForDeploymentPostprocessing = 0;
		};
		2192BAC01AD0E6C500AC87E2 /* Sources */ = {
			isa = PBXSourcesBuildPhase;
			buildActionMask = 2147483647;
			files = (
				2192BAF41AD0E6FD00AC87E2 /* ViewController.swift in Sources */,
				2192BAEF1AD0E6FD00AC87E2 /* AppDelegate.swift in Sources */,
			);
			runOnlyForDeploymentPostprocessing = 0;
		};
		2192BAD41AD0E6C500AC87E2 /* Sources */ = {
			isa = PBXSourcesBuildPhase;
			buildActionMask = 2147483647;
			files = (
				2192BAF91AD0E70200AC87E2 /* RedactedTests.swift in Sources */,
			);
			runOnlyForDeploymentPostprocessing = 0;
		};
/* End PBXSourcesBuildPhase section */

/* Begin PBXTargetDependency section */
		210EF34B1AC0A35D00ED8E97 /* PBXTargetDependency */ = {
			isa = PBXTargetDependency;
			target = 210EF3361AC0A35C00ED8E97 /* Mac */;
			targetProxy = 210EF34A1AC0A35D00ED8E97 /* PBXContainerItemProxy */;
		};
		210EF36B1AC0A39900ED8E97 /* PBXTargetDependency */ = {
			isa = PBXTargetDependency;
			target = 210EF35D1AC0A39900ED8E97 /* RedactedKit */;
			targetProxy = 210EF36A1AC0A39900ED8E97 /* PBXContainerItemProxy */;
		};
		210EF36D1AC0A39900ED8E97 /* PBXTargetDependency */ = {
			isa = PBXTargetDependency;
			target = 210EF3361AC0A35C00ED8E97 /* Mac */;
			targetProxy = 210EF36C1AC0A39900ED8E97 /* PBXContainerItemProxy */;
		};
		210EF3741AC0A39900ED8E97 /* PBXTargetDependency */ = {
			isa = PBXTargetDependency;
			target = 210EF35D1AC0A39900ED8E97 /* RedactedKit */;
			targetProxy = 210EF3731AC0A39900ED8E97 /* PBXContainerItemProxy */;
		};
		212456B71AD92CC70038D30D /* PBXTargetDependency */ = {
			isa = PBXTargetDependency;
			target = 212456A91AD92CC70038D30D /* RedactedKit-iOS */;
			targetProxy = 212456B61AD92CC70038D30D /* PBXContainerItemProxy */;
		};
		212456B91AD92CC70038D30D /* PBXTargetDependency */ = {
			isa = PBXTargetDependency;
			target = 2192BAC31AD0E6C500AC87E2 /* iOS */;
			targetProxy = 212456B81AD92CC70038D30D /* PBXContainerItemProxy */;
		};
		212456C01AD92CC70038D30D /* PBXTargetDependency */ = {
			isa = PBXTargetDependency;
			target = 212456A91AD92CC70038D30D /* RedactedKit-iOS */;
			targetProxy = 212456BF1AD92CC70038D30D /* PBXContainerItemProxy */;
		};
		2192BADA1AD0E6C500AC87E2 /* PBXTargetDependency */ = {
			isa = PBXTargetDependency;
			target = 2192BAC31AD0E6C500AC87E2 /* iOS */;
			targetProxy = 2192BAD91AD0E6C500AC87E2 /* PBXContainerItemProxy */;
		};
/* End PBXTargetDependency section */

/* Begin PBXVariantGroup section */
		215288971ADD00BF00C0AEBA /* Localizable.strings */ = {
			isa = PBXVariantGroup;
			children = (
				215288981ADD00BF00C0AEBA /* en */,
			);
			name = Localizable.strings;
			sourceTree = "<group>";
		};
		2192BAAC1AD0E62E00AC87E2 /* Main.storyboard */ = {
			isa = PBXVariantGroup;
			children = (
				2192BAAD1AD0E62E00AC87E2 /* Base */,
				215288A01ADD06BE00C0AEBA /* en */,
			);
			name = Main.storyboard;
			sourceTree = "<group>";
		};
		2192BAE81AD0E6FD00AC87E2 /* LaunchScreen.xib */ = {
			isa = PBXVariantGroup;
			children = (
				2192BAE91AD0E6FD00AC87E2 /* Base */,
			);
			name = LaunchScreen.xib;
			sourceTree = "<group>";
		};
		2192BAEA1AD0E6FD00AC87E2 /* Main.storyboard */ = {
			isa = PBXVariantGroup;
			children = (
				2192BAEB1AD0E6FD00AC87E2 /* Base */,
			);
			name = Main.storyboard;
			sourceTree = "<group>";
		};
/* End PBXVariantGroup section */

/* Begin XCBuildConfiguration section */
		210EF3511AC0A35D00ED8E97 /* Debug */ = {
			isa = XCBuildConfiguration;
			buildSettings = {
				ALWAYS_SEARCH_USER_PATHS = NO;
				CLANG_CXX_LANGUAGE_STANDARD = "gnu++0x";
				CLANG_CXX_LIBRARY = "libc++";
				CLANG_ENABLE_MODULES = YES;
				CLANG_ENABLE_OBJC_ARC = YES;
				CLANG_WARN_BOOL_CONVERSION = YES;
				CLANG_WARN_CONSTANT_CONVERSION = YES;
				CLANG_WARN_DIRECT_OBJC_ISA_USAGE = YES_ERROR;
				CLANG_WARN_EMPTY_BODY = YES;
				CLANG_WARN_ENUM_CONVERSION = YES;
				CLANG_WARN_INT_CONVERSION = YES;
				CLANG_WARN_OBJC_ROOT_CLASS = YES_ERROR;
				CLANG_WARN_UNREACHABLE_CODE = YES;
				CLANG_WARN__DUPLICATE_METHOD_MATCH = YES;
				CODE_SIGN_IDENTITY = "-";
				COPY_PHASE_STRIP = NO;
				DEBUG_INFORMATION_FORMAT = dwarf;
				ENABLE_STRICT_OBJC_MSGSEND = YES;
				GCC_C_LANGUAGE_STANDARD = gnu99;
				GCC_DYNAMIC_NO_PIC = NO;
				GCC_NO_COMMON_BLOCKS = YES;
				GCC_OPTIMIZATION_LEVEL = 0;
				GCC_PREPROCESSOR_DEFINITIONS = (
					"DEBUG=1",
					"$(inherited)",
				);
				GCC_SYMBOLS_PRIVATE_EXTERN = NO;
				GCC_WARN_64_TO_32_BIT_CONVERSION = YES;
				GCC_WARN_ABOUT_RETURN_TYPE = YES_ERROR;
				GCC_WARN_UNDECLARED_SELECTOR = YES;
				GCC_WARN_UNINITIALIZED_AUTOS = YES_AGGRESSIVE;
				GCC_WARN_UNUSED_FUNCTION = YES;
				GCC_WARN_UNUSED_VARIABLE = YES;
				IPHONEOS_DEPLOYMENT_TARGET = 10.8;
				MACOSX_DEPLOYMENT_TARGET = 10.10;
				MTL_ENABLE_DEBUG_INFO = YES;
				ONLY_ACTIVE_ARCH = YES;
				SDKROOT = macosx;
				SWIFT_OPTIMIZATION_LEVEL = "-Onone";
			};
			name = Debug;
		};
		210EF3521AC0A35D00ED8E97 /* Release */ = {
			isa = XCBuildConfiguration;
			buildSettings = {
				ALWAYS_SEARCH_USER_PATHS = NO;
				CLANG_CXX_LANGUAGE_STANDARD = "gnu++0x";
				CLANG_CXX_LIBRARY = "libc++";
				CLANG_ENABLE_MODULES = YES;
				CLANG_ENABLE_OBJC_ARC = YES;
				CLANG_WARN_BOOL_CONVERSION = YES;
				CLANG_WARN_CONSTANT_CONVERSION = YES;
				CLANG_WARN_DIRECT_OBJC_ISA_USAGE = YES_ERROR;
				CLANG_WARN_EMPTY_BODY = YES;
				CLANG_WARN_ENUM_CONVERSION = YES;
				CLANG_WARN_INT_CONVERSION = YES;
				CLANG_WARN_OBJC_ROOT_CLASS = YES_ERROR;
				CLANG_WARN_UNREACHABLE_CODE = YES;
				CLANG_WARN__DUPLICATE_METHOD_MATCH = YES;
				CODE_SIGN_IDENTITY = "-";
				COPY_PHASE_STRIP = NO;
				DEBUG_INFORMATION_FORMAT = "dwarf-with-dsym";
				ENABLE_NS_ASSERTIONS = NO;
				ENABLE_STRICT_OBJC_MSGSEND = YES;
				GCC_C_LANGUAGE_STANDARD = gnu99;
				GCC_NO_COMMON_BLOCKS = YES;
				GCC_WARN_64_TO_32_BIT_CONVERSION = YES;
				GCC_WARN_ABOUT_RETURN_TYPE = YES_ERROR;
				GCC_WARN_UNDECLARED_SELECTOR = YES;
				GCC_WARN_UNINITIALIZED_AUTOS = YES_AGGRESSIVE;
				GCC_WARN_UNUSED_FUNCTION = YES;
				GCC_WARN_UNUSED_VARIABLE = YES;
				IPHONEOS_DEPLOYMENT_TARGET = 10.8;
				MACOSX_DEPLOYMENT_TARGET = 10.10;
				MTL_ENABLE_DEBUG_INFO = NO;
				SDKROOT = macosx;
			};
			name = Release;
		};
		210EF3541AC0A35D00ED8E97 /* Debug */ = {
			isa = XCBuildConfiguration;
			buildSettings = {
				ASSETCATALOG_COMPILER_APPICON_NAME = AppIcon;
				CODE_SIGN_ENTITLEMENTS = Mac/Resources/Redacted.entitlements;
				CODE_SIGN_IDENTITY = "Mac Developer";
				"CODE_SIGN_IDENTITY[sdk=macosx*]" = "Mac Developer";
				COMBINE_HIDPI_IMAGES = YES;
				EMBEDDED_CONTENT_CONTAINS_SWIFT = YES;
				INFOPLIST_FILE = "$(SRCROOT)/Mac/Resources/Mac-Info.plist";
				LD_RUNPATH_SEARCH_PATHS = "$(inherited) @executable_path/../Frameworks";
				PRODUCT_NAME = Redacted;
				PROVISIONING_PROFILE = "";
				SWIFT_OPTIMIZATION_LEVEL = "-Onone";
			};
			name = Debug;
		};
		210EF3551AC0A35D00ED8E97 /* Release */ = {
			isa = XCBuildConfiguration;
			buildSettings = {
				ASSETCATALOG_COMPILER_APPICON_NAME = AppIcon;
				CODE_SIGN_ENTITLEMENTS = Mac/Resources/Redacted.entitlements;
				CODE_SIGN_IDENTITY = "Mac Developer";
				"CODE_SIGN_IDENTITY[sdk=macosx*]" = "Mac Developer";
				COMBINE_HIDPI_IMAGES = YES;
				EMBEDDED_CONTENT_CONTAINS_SWIFT = YES;
				INFOPLIST_FILE = "$(SRCROOT)/Mac/Resources/Mac-Info.plist";
				LD_RUNPATH_SEARCH_PATHS = "$(inherited) @executable_path/../Frameworks";
				PRODUCT_NAME = Redacted;
				PROVISIONING_PROFILE = "";
				SWIFT_OPTIMIZATION_LEVEL = "-Onone";
			};
			name = Release;
		};
		210EF3571AC0A35D00ED8E97 /* Debug */ = {
			isa = XCBuildConfiguration;
			buildSettings = {
				BUNDLE_LOADER = "$(TEST_HOST)";
				COMBINE_HIDPI_IMAGES = YES;
				FRAMEWORK_SEARCH_PATHS = (
					"$(DEVELOPER_FRAMEWORKS_DIR)",
					"$(inherited)",
				);
				GCC_PREPROCESSOR_DEFINITIONS = (
					"DEBUG=1",
					"$(inherited)",
				);
				INFOPLIST_FILE = "MacTests/MacTests-Info.plist";
				LD_RUNPATH_SEARCH_PATHS = "$(inherited) @executable_path/../Frameworks @loader_path/../Frameworks";
				PRODUCT_NAME = "$(TARGET_NAME)";
				TEST_HOST = "$(BUILT_PRODUCTS_DIR)/Redacted.app/Contents/MacOS/Redacted";
			};
			name = Debug;
		};
		210EF3581AC0A35D00ED8E97 /* Release */ = {
			isa = XCBuildConfiguration;
			buildSettings = {
				BUNDLE_LOADER = "$(TEST_HOST)";
				COMBINE_HIDPI_IMAGES = YES;
				FRAMEWORK_SEARCH_PATHS = (
					"$(DEVELOPER_FRAMEWORKS_DIR)",
					"$(inherited)",
				);
				INFOPLIST_FILE = "MacTests/MacTests-Info.plist";
				LD_RUNPATH_SEARCH_PATHS = "$(inherited) @executable_path/../Frameworks @loader_path/../Frameworks";
				PRODUCT_NAME = "$(TARGET_NAME)";
				TEST_HOST = "$(BUILT_PRODUCTS_DIR)/Redacted.app/Contents/MacOS/Redacted";
			};
			name = Release;
		};
		210EF3781AC0A39900ED8E97 /* Debug */ = {
			isa = XCBuildConfiguration;
			buildSettings = {
				APPLICATION_EXTENSION_API_ONLY = YES;
				CLANG_ENABLE_MODULES = YES;
				COMBINE_HIDPI_IMAGES = YES;
				CURRENT_PROJECT_VERSION = 1;
				DEFINES_MODULE = YES;
				DYLIB_COMPATIBILITY_VERSION = 1;
				DYLIB_CURRENT_VERSION = 1;
				DYLIB_INSTALL_NAME_BASE = "@rpath";
				EMBEDDED_CONTENT_CONTAINS_SWIFT = YES;
				FRAMEWORK_VERSION = A;
				GCC_PREPROCESSOR_DEFINITIONS = (
					"DEBUG=1",
					"$(inherited)",
				);
				INFOPLIST_FILE = "$(SRCROOT)/RedactedKit/Resources/RedactedKit-Info-Mac.plist";
				INSTALL_PATH = "$(LOCAL_LIBRARY_DIR)/Frameworks";
				LD_RUNPATH_SEARCH_PATHS = "$(inherited) @executable_path/../Frameworks @loader_path/Frameworks";
				PRODUCT_NAME = "$(TARGET_NAME)";
				SKIP_INSTALL = YES;
				SWIFT_OPTIMIZATION_LEVEL = "-Onone";
				VERSIONING_SYSTEM = "apple-generic";
				VERSION_INFO_PREFIX = "";
			};
			name = Debug;
		};
		210EF3791AC0A39900ED8E97 /* Release */ = {
			isa = XCBuildConfiguration;
			buildSettings = {
				APPLICATION_EXTENSION_API_ONLY = YES;
				CLANG_ENABLE_MODULES = YES;
				COMBINE_HIDPI_IMAGES = YES;
				CURRENT_PROJECT_VERSION = 1;
				DEFINES_MODULE = YES;
				DYLIB_COMPATIBILITY_VERSION = 1;
				DYLIB_CURRENT_VERSION = 1;
				DYLIB_INSTALL_NAME_BASE = "@rpath";
				EMBEDDED_CONTENT_CONTAINS_SWIFT = YES;
				FRAMEWORK_VERSION = A;
				INFOPLIST_FILE = "$(SRCROOT)/RedactedKit/Resources/RedactedKit-Info-Mac.plist";
				INSTALL_PATH = "$(LOCAL_LIBRARY_DIR)/Frameworks";
				LD_RUNPATH_SEARCH_PATHS = "$(inherited) @executable_path/../Frameworks @loader_path/Frameworks";
				PRODUCT_NAME = "$(TARGET_NAME)";
				SKIP_INSTALL = YES;
				SWIFT_OPTIMIZATION_LEVEL = "-Onone";
				VERSIONING_SYSTEM = "apple-generic";
				VERSION_INFO_PREFIX = "";
			};
			name = Release;
		};
		210EF37C1AC0A39900ED8E97 /* Debug */ = {
			isa = XCBuildConfiguration;
			buildSettings = {
				COMBINE_HIDPI_IMAGES = YES;
				FRAMEWORK_SEARCH_PATHS = (
					"$(DEVELOPER_FRAMEWORKS_DIR)",
					"$(inherited)",
				);
				GCC_PREPROCESSOR_DEFINITIONS = (
					"DEBUG=1",
					"$(inherited)",
				);
				INFOPLIST_FILE = "RedactedKitTests/RedactedKitTests-Info-Mac.plist";
				LD_RUNPATH_SEARCH_PATHS = "$(inherited) @executable_path/../Frameworks @loader_path/../Frameworks";
				PRODUCT_NAME = "$(TARGET_NAME)";
				TEST_HOST = "$(BUILT_PRODUCTS_DIR)/Redacted.app/Contents/MacOS/Redacted";
			};
			name = Debug;
		};
		210EF37D1AC0A39900ED8E97 /* Release */ = {
			isa = XCBuildConfiguration;
			buildSettings = {
				COMBINE_HIDPI_IMAGES = YES;
				FRAMEWORK_SEARCH_PATHS = (
					"$(DEVELOPER_FRAMEWORKS_DIR)",
					"$(inherited)",
				);
				INFOPLIST_FILE = "RedactedKitTests/RedactedKitTests-Info-Mac.plist";
				LD_RUNPATH_SEARCH_PATHS = "$(inherited) @executable_path/../Frameworks @loader_path/../Frameworks";
				PRODUCT_NAME = "$(TARGET_NAME)";
				TEST_HOST = "$(BUILT_PRODUCTS_DIR)/Redacted.app/Contents/MacOS/Redacted";
			};
			name = Release;
		};
		212456C41AD92CC70038D30D /* Debug */ = {
			isa = XCBuildConfiguration;
			buildSettings = {
				APPLICATION_EXTENSION_API_ONLY = YES;
				"CODE_SIGN_IDENTITY[sdk=iphoneos*]" = "iPhone Developer";
				CURRENT_PROJECT_VERSION = 1;
				DEFINES_MODULE = YES;
				DYLIB_COMPATIBILITY_VERSION = 1;
				DYLIB_CURRENT_VERSION = 1;
				DYLIB_INSTALL_NAME_BASE = "@rpath";
				GCC_PREPROCESSOR_DEFINITIONS = (
					"DEBUG=1",
					"$(inherited)",
				);
				INFOPLIST_FILE = "$(SRCROOT)/RedactedKit/Resources/RedactedKit-Info-iOS.plist";
				INSTALL_PATH = "$(LOCAL_LIBRARY_DIR)/Frameworks";
				IPHONEOS_DEPLOYMENT_TARGET = 8.3;
				LD_RUNPATH_SEARCH_PATHS = "$(inherited) @executable_path/Frameworks @loader_path/Frameworks";
				PRODUCT_NAME = RedactedKit;
				SDKROOT = iphoneos;
				SKIP_INSTALL = YES;
				TARGETED_DEVICE_FAMILY = "1,2";
				VERSIONING_SYSTEM = "apple-generic";
				VERSION_INFO_PREFIX = "";
			};
			name = Debug;
		};
		212456C51AD92CC70038D30D /* Release */ = {
			isa = XCBuildConfiguration;
			buildSettings = {
				APPLICATION_EXTENSION_API_ONLY = YES;
				"CODE_SIGN_IDENTITY[sdk=iphoneos*]" = "iPhone Developer";
				CURRENT_PROJECT_VERSION = 1;
				DEFINES_MODULE = YES;
				DYLIB_COMPATIBILITY_VERSION = 1;
				DYLIB_CURRENT_VERSION = 1;
				DYLIB_INSTALL_NAME_BASE = "@rpath";
				INFOPLIST_FILE = "$(SRCROOT)/RedactedKit/Resources/RedactedKit-Info-iOS.plist";
				INSTALL_PATH = "$(LOCAL_LIBRARY_DIR)/Frameworks";
				IPHONEOS_DEPLOYMENT_TARGET = 8.3;
				LD_RUNPATH_SEARCH_PATHS = "$(inherited) @executable_path/Frameworks @loader_path/Frameworks";
				PRODUCT_NAME = RedactedKit;
				SDKROOT = iphoneos;
				SKIP_INSTALL = YES;
				TARGETED_DEVICE_FAMILY = "1,2";
				VALIDATE_PRODUCT = YES;
				VERSIONING_SYSTEM = "apple-generic";
				VERSION_INFO_PREFIX = "";
			};
			name = Release;
		};
		212456C71AD92CC70038D30D /* Debug */ = {
			isa = XCBuildConfiguration;
			buildSettings = {
				"CODE_SIGN_IDENTITY[sdk=iphoneos*]" = "iPhone Developer";
				FRAMEWORK_SEARCH_PATHS = (
					"$(SDKROOT)/Developer/Library/Frameworks",
					"$(inherited)",
				);
				GCC_PREPROCESSOR_DEFINITIONS = (
					"DEBUG=1",
					"$(inherited)",
				);
				INFOPLIST_FILE = "RedactedKitTests/RedactedKitTests-Info-iOS.plist";
				IPHONEOS_DEPLOYMENT_TARGET = 8.3;
				LD_RUNPATH_SEARCH_PATHS = "$(inherited) @executable_path/Frameworks @loader_path/Frameworks";
				PRODUCT_NAME = "$(TARGET_NAME)";
				SDKROOT = iphoneos;
				TEST_HOST = "$(BUILT_PRODUCTS_DIR)/Redacted.app/Redacted";
			};
			name = Debug;
		};
		212456C81AD92CC70038D30D /* Release */ = {
			isa = XCBuildConfiguration;
			buildSettings = {
				"CODE_SIGN_IDENTITY[sdk=iphoneos*]" = "iPhone Developer";
				FRAMEWORK_SEARCH_PATHS = (
					"$(SDKROOT)/Developer/Library/Frameworks",
					"$(inherited)",
				);
				INFOPLIST_FILE = "RedactedKitTests/RedactedKitTests-Info-iOS.plist";
				IPHONEOS_DEPLOYMENT_TARGET = 8.3;
				LD_RUNPATH_SEARCH_PATHS = "$(inherited) @executable_path/Frameworks @loader_path/Frameworks";
				PRODUCT_NAME = "$(TARGET_NAME)";
				SDKROOT = iphoneos;
				TEST_HOST = "$(BUILT_PRODUCTS_DIR)/Redacted.app/Redacted";
				VALIDATE_PRODUCT = YES;
			};
			name = Release;
		};
		2192BAE11AD0E6C500AC87E2 /* Debug */ = {
			isa = XCBuildConfiguration;
			buildSettings = {
				ASSETCATALOG_COMPILER_APPICON_NAME = AppIcon;
				CODE_SIGN_IDENTITY = "iPhone Developer";
				"CODE_SIGN_IDENTITY[sdk=iphoneos*]" = "iPhone Developer";
				FRAMEWORK_SEARCH_PATHS = (
					"$(inherited)",
					"$(USER_LIBRARY_DIR)/Developer/Xcode/DerivedData/Redacted-dxuxvilcedhbknbjvgdunyeexepy/Build/Products/Debug-iphoneos",
				);
				GCC_PREPROCESSOR_DEFINITIONS = (
					"DEBUG=1",
					"$(inherited)",
				);
				INFOPLIST_FILE = "$(SRCROOT)/iOS/iOS-Info.plist";
				IPHONEOS_DEPLOYMENT_TARGET = 8.3;
				LD_RUNPATH_SEARCH_PATHS = "$(inherited) @executable_path/Frameworks";
				PRODUCT_NAME = Redacted;
				SDKROOT = iphoneos;
				TARGETED_DEVICE_FAMILY = "1,2";
			};
			name = Debug;
		};
		2192BAE21AD0E6C500AC87E2 /* Release */ = {
			isa = XCBuildConfiguration;
			buildSettings = {
				ASSETCATALOG_COMPILER_APPICON_NAME = AppIcon;
				CODE_SIGN_IDENTITY = "iPhone Developer";
				"CODE_SIGN_IDENTITY[sdk=iphoneos*]" = "iPhone Developer";
				FRAMEWORK_SEARCH_PATHS = (
					"$(inherited)",
					"$(USER_LIBRARY_DIR)/Developer/Xcode/DerivedData/Redacted-dxuxvilcedhbknbjvgdunyeexepy/Build/Products/Debug-iphoneos",
				);
				INFOPLIST_FILE = "$(SRCROOT)/iOS/iOS-Info.plist";
				IPHONEOS_DEPLOYMENT_TARGET = 8.3;
				LD_RUNPATH_SEARCH_PATHS = "$(inherited) @executable_path/Frameworks";
				PRODUCT_NAME = Redacted;
				SDKROOT = iphoneos;
				TARGETED_DEVICE_FAMILY = "1,2";
				VALIDATE_PRODUCT = YES;
			};
			name = Release;
		};
		2192BAE41AD0E6C500AC87E2 /* Debug */ = {
			isa = XCBuildConfiguration;
			buildSettings = {
				BUNDLE_LOADER = "$(TEST_HOST)";
				FRAMEWORK_SEARCH_PATHS = (
					"$(SDKROOT)/Developer/Library/Frameworks",
					"$(inherited)",
				);
				GCC_PREPROCESSOR_DEFINITIONS = (
					"DEBUG=1",
					"$(inherited)",
				);
				INFOPLIST_FILE = "iOSTests/iOSTests-Info.plist";
				IPHONEOS_DEPLOYMENT_TARGET = 8.3;
				LD_RUNPATH_SEARCH_PATHS = "$(inherited) @executable_path/Frameworks @loader_path/Frameworks";
				PRODUCT_NAME = "$(TARGET_NAME)";
				SDKROOT = iphoneos;
				TEST_HOST = "$(BUILT_PRODUCTS_DIR)/Redacted.app/Redacted";
			};
			name = Debug;
		};
		2192BAE51AD0E6C500AC87E2 /* Release */ = {
			isa = XCBuildConfiguration;
			buildSettings = {
				BUNDLE_LOADER = "$(TEST_HOST)";
				FRAMEWORK_SEARCH_PATHS = (
					"$(SDKROOT)/Developer/Library/Frameworks",
					"$(inherited)",
				);
				INFOPLIST_FILE = "iOSTests/iOSTests-Info.plist";
				IPHONEOS_DEPLOYMENT_TARGET = 8.3;
				LD_RUNPATH_SEARCH_PATHS = "$(inherited) @executable_path/Frameworks @loader_path/Frameworks";
				PRODUCT_NAME = "$(TARGET_NAME)";
				SDKROOT = iphoneos;
				TEST_HOST = "$(BUILT_PRODUCTS_DIR)/Redacted.app/Redacted";
				VALIDATE_PRODUCT = YES;
			};
			name = Release;
		};
/* End XCBuildConfiguration section */

/* Begin XCConfigurationList section */
		210EF3321AC0A35C00ED8E97 /* Build configuration list for PBXProject "Redacted" */ = {
			isa = XCConfigurationList;
			buildConfigurations = (
				210EF3511AC0A35D00ED8E97 /* Debug */,
				210EF3521AC0A35D00ED8E97 /* Release */,
			);
			defaultConfigurationIsVisible = 0;
			defaultConfigurationName = Release;
		};
		210EF3531AC0A35D00ED8E97 /* Build configuration list for PBXNativeTarget "Mac" */ = {
			isa = XCConfigurationList;
			buildConfigurations = (
				210EF3541AC0A35D00ED8E97 /* Debug */,
				210EF3551AC0A35D00ED8E97 /* Release */,
			);
			defaultConfigurationIsVisible = 0;
			defaultConfigurationName = Release;
		};
		210EF3561AC0A35D00ED8E97 /* Build configuration list for PBXNativeTarget "MacTests" */ = {
			isa = XCConfigurationList;
			buildConfigurations = (
				210EF3571AC0A35D00ED8E97 /* Debug */,
				210EF3581AC0A35D00ED8E97 /* Release */,
			);
			defaultConfigurationIsVisible = 0;
			defaultConfigurationName = Release;
		};
		210EF3771AC0A39900ED8E97 /* Build configuration list for PBXNativeTarget "RedactedKit" */ = {
			isa = XCConfigurationList;
			buildConfigurations = (
				210EF3781AC0A39900ED8E97 /* Debug */,
				210EF3791AC0A39900ED8E97 /* Release */,
			);
			defaultConfigurationIsVisible = 0;
			defaultConfigurationName = Release;
		};
		210EF37B1AC0A39900ED8E97 /* Build configuration list for PBXNativeTarget "RedactedKitTests" */ = {
			isa = XCConfigurationList;
			buildConfigurations = (
				210EF37C1AC0A39900ED8E97 /* Debug */,
				210EF37D1AC0A39900ED8E97 /* Release */,
			);
			defaultConfigurationIsVisible = 0;
			defaultConfigurationName = Release;
		};
		212456C31AD92CC70038D30D /* Build configuration list for PBXNativeTarget "RedactedKit-iOS" */ = {
			isa = XCConfigurationList;
			buildConfigurations = (
				212456C41AD92CC70038D30D /* Debug */,
				212456C51AD92CC70038D30D /* Release */,
			);
			defaultConfigurationIsVisible = 0;
			defaultConfigurationName = Release;
		};
		212456C61AD92CC70038D30D /* Build configuration list for PBXNativeTarget "RedactedKit-iOSTests" */ = {
			isa = XCConfigurationList;
			buildConfigurations = (
				212456C71AD92CC70038D30D /* Debug */,
				212456C81AD92CC70038D30D /* Release */,
			);
			defaultConfigurationIsVisible = 0;
			defaultConfigurationName = Release;
		};
		2192BAE01AD0E6C500AC87E2 /* Build configuration list for PBXNativeTarget "iOS" */ = {
			isa = XCConfigurationList;
			buildConfigurations = (
				2192BAE11AD0E6C500AC87E2 /* Debug */,
				2192BAE21AD0E6C500AC87E2 /* Release */,
			);
			defaultConfigurationIsVisible = 0;
			defaultConfigurationName = Release;
		};
		2192BAE31AD0E6C500AC87E2 /* Build configuration list for PBXNativeTarget "iOSTests" */ = {
			isa = XCConfigurationList;
			buildConfigurations = (
				2192BAE41AD0E6C500AC87E2 /* Debug */,
				2192BAE51AD0E6C500AC87E2 /* Release */,
			);
			defaultConfigurationIsVisible = 0;
			defaultConfigurationName = Release;
		};
/* End XCConfigurationList section */
	};
	rootObject = 210EF32F1AC0A35C00ED8E97 /* Project object */;
}
