// !$*UTF8*$!
{
	archiveVersion = 1;
	classes = {
	};
	objectVersion = 46;
	objects = {

/* Begin PBXBuildFile section */
		210EF3751AC0A39900ED8E97 /* RedactedKit.framework in Frameworks */ = {isa = PBXBuildFile; fileRef = 210EF35E1AC0A39900ED8E97 /* RedactedKit.framework */; };
		210EF3761AC0A39900ED8E97 /* RedactedKit.framework in Embed Frameworks */ = {isa = PBXBuildFile; fileRef = 210EF35E1AC0A39900ED8E97 /* RedactedKit.framework */; settings = {ATTRIBUTES = (CodeSignOnCopy, RemoveHeadersOnCopy, ); }; };
		212456C11AD92CC70038D30D /* RedactedKit.framework in Frameworks */ = {isa = PBXBuildFile; fileRef = 212456AA1AD92CC70038D30D /* RedactedKit.framework */; };
		212456C21AD92CC70038D30D /* RedactedKit.framework in Embed Frameworks */ = {isa = PBXBuildFile; fileRef = 212456AA1AD92CC70038D30D /* RedactedKit.framework */; settings = {ATTRIBUTES = (CodeSignOnCopy, RemoveHeadersOnCopy, ); }; };
		216DA4771EEA49F200E39CAE /* EmptyView.swift in Sources */ = {isa = PBXBuildFile; fileRef = 216DA4761EEA49F200E39CAE /* EmptyView.swift */; };
		216DA47C1EEA54D400E39CAE /* ToolbarView.swift in Sources */ = {isa = PBXBuildFile; fileRef = 216DA47B1EEA54D400E39CAE /* ToolbarView.swift */; };
		216DA47F1EEA583500E39CAE /* RedactedKit.swift in Sources */ = {isa = PBXBuildFile; fileRef = 216DA47D1EEA569500E39CAE /* RedactedKit.swift */; };
		216DA4801EEA583600E39CAE /* RedactedKit.swift in Sources */ = {isa = PBXBuildFile; fileRef = 216DA47D1EEA569500E39CAE /* RedactedKit.swift */; };
		216DA4841EEA5A5600E39CAE /* SegmentedControl.swift in Sources */ = {isa = PBXBuildFile; fileRef = 216DA4831EEA5A5600E39CAE /* SegmentedControl.swift */; };
		216DA4861EEA5E5900E39CAE /* ToolbarButton.swift in Sources */ = {isa = PBXBuildFile; fileRef = 216DA4851EEA5E5900E39CAE /* ToolbarButton.swift */; };
		216DA4881EEA709200E39CAE /* UIApplicationShortcutItem+Redacted.swift in Sources */ = {isa = PBXBuildFile; fileRef = 216DA4871EEA709200E39CAE /* UIApplicationShortcutItem+Redacted.swift */; };
		216DA48A1EEA715200E39CAE /* LocalizedString.swift in Sources */ = {isa = PBXBuildFile; fileRef = 216DA4891EEA715200E39CAE /* LocalizedString.swift */; };
		219512291EF23B53000A3D12 /* Localizable.strings in Resources */ = {isa = PBXBuildFile; fileRef = 21CC0D421D88FFAA00B3F5DF /* Localizable.strings */; };
		21B0246E1D89008700A0B226 /* BoundingBoxLayer.swift in Sources */ = {isa = PBXBuildFile; fileRef = 21CC0D351D88FFAA00B3F5DF /* BoundingBoxLayer.swift */; };
		21B0246F1D89008700A0B226 /* ChainFilter.swift in Sources */ = {isa = PBXBuildFile; fileRef = 21CC0D361D88FFAA00B3F5DF /* ChainFilter.swift */; };
		21B024701D89008700A0B226 /* CIImage+RedactedKit.swift in Sources */ = {isa = PBXBuildFile; fileRef = 21CC0D371D88FFAA00B3F5DF /* CIImage+RedactedKit.swift */; };
		21B024711D89008700A0B226 /* Colors.swift in Sources */ = {isa = PBXBuildFile; fileRef = 21CC0D381D88FFAA00B3F5DF /* Colors.swift */; };
		21B024721D89008700A0B226 /* CoreGraphics+RedactedKit.swift in Sources */ = {isa = PBXBuildFile; fileRef = 21CC0D391D88FFAA00B3F5DF /* CoreGraphics+RedactedKit.swift */; };
		21B024731D89008700A0B226 /* CoreImageLayer.swift in Sources */ = {isa = PBXBuildFile; fileRef = 21CC0D3A1D88FFAA00B3F5DF /* CoreImageLayer.swift */; };
		21B024741D89008700A0B226 /* HandleLayer.swift in Sources */ = {isa = PBXBuildFile; fileRef = 21CC0D3B1D88FFAA00B3F5DF /* HandleLayer.swift */; };
		21B024761D89008700A0B226 /* RedactedLayer.swift in Sources */ = {isa = PBXBuildFile; fileRef = 21CC0D3D1D88FFAA00B3F5DF /* RedactedLayer.swift */; };
		21B024771D89008700A0B226 /* RedactedView.swift in Sources */ = {isa = PBXBuildFile; fileRef = 21CC0D3E1D88FFAA00B3F5DF /* RedactedView.swift */; };
		21B024781D89008700A0B226 /* Redaction.swift in Sources */ = {isa = PBXBuildFile; fileRef = 21CC0D3F1D88FFAA00B3F5DF /* Redaction.swift */; };
		21B024791D89008700A0B226 /* RedactionsController.swift in Sources */ = {isa = PBXBuildFile; fileRef = 21CC0D401D88FFAA00B3F5DF /* RedactionsController.swift */; };
		21B0247A1D89008700A0B226 /* BoundingBoxLayer.swift in Sources */ = {isa = PBXBuildFile; fileRef = 21CC0D351D88FFAA00B3F5DF /* BoundingBoxLayer.swift */; };
		21B0247B1D89008700A0B226 /* ChainFilter.swift in Sources */ = {isa = PBXBuildFile; fileRef = 21CC0D361D88FFAA00B3F5DF /* ChainFilter.swift */; };
		21B0247C1D89008700A0B226 /* CIImage+RedactedKit.swift in Sources */ = {isa = PBXBuildFile; fileRef = 21CC0D371D88FFAA00B3F5DF /* CIImage+RedactedKit.swift */; };
		21B0247D1D89008700A0B226 /* Colors.swift in Sources */ = {isa = PBXBuildFile; fileRef = 21CC0D381D88FFAA00B3F5DF /* Colors.swift */; };
		21B0247E1D89008700A0B226 /* CoreGraphics+RedactedKit.swift in Sources */ = {isa = PBXBuildFile; fileRef = 21CC0D391D88FFAA00B3F5DF /* CoreGraphics+RedactedKit.swift */; };
		21B0247F1D89008700A0B226 /* CoreImageLayer.swift in Sources */ = {isa = PBXBuildFile; fileRef = 21CC0D3A1D88FFAA00B3F5DF /* CoreImageLayer.swift */; };
		21B024801D89008700A0B226 /* HandleLayer.swift in Sources */ = {isa = PBXBuildFile; fileRef = 21CC0D3B1D88FFAA00B3F5DF /* HandleLayer.swift */; };
		21B024821D89008700A0B226 /* RedactedLayer.swift in Sources */ = {isa = PBXBuildFile; fileRef = 21CC0D3D1D88FFAA00B3F5DF /* RedactedLayer.swift */; };
		21B024831D89008700A0B226 /* RedactedView.swift in Sources */ = {isa = PBXBuildFile; fileRef = 21CC0D3E1D88FFAA00B3F5DF /* RedactedView.swift */; };
		21B024841D89008700A0B226 /* Redaction.swift in Sources */ = {isa = PBXBuildFile; fileRef = 21CC0D3F1D88FFAA00B3F5DF /* Redaction.swift */; };
		21B024851D89008700A0B226 /* RedactionsController.swift in Sources */ = {isa = PBXBuildFile; fileRef = 21CC0D401D88FFAA00B3F5DF /* RedactionsController.swift */; };
		21B024871D89009300A0B226 /* Localizable.strings in Resources */ = {isa = PBXBuildFile; fileRef = 21CC0D421D88FFAA00B3F5DF /* Localizable.strings */; };
		21B024891D8900C100A0B226 /* Images.xcassets in Resources */ = {isa = PBXBuildFile; fileRef = 21CC0D1A1D88FFAA00B3F5DF /* Images.xcassets */; };
		21B0248A1D8900CA00A0B226 /* LaunchScreen.xib in Resources */ = {isa = PBXBuildFile; fileRef = 21CC0D181D88FFAA00B3F5DF /* LaunchScreen.xib */; };
		21B0248B1D8900CD00A0B226 /* AppDelegate.swift in Sources */ = {isa = PBXBuildFile; fileRef = 21CC0D151D88FFAA00B3F5DF /* AppDelegate.swift */; };
		21B0248C1D8900CD00A0B226 /* EditorViewController.swift in Sources */ = {isa = PBXBuildFile; fileRef = 21CC0D161D88FFAA00B3F5DF /* EditorViewController.swift */; };
		21B0248D1D8901C400A0B226 /* Mixpanel.framework in Embed Frameworks */ = {isa = PBXBuildFile; fileRef = 21CC0D801D88FFB000B3F5DF /* Mixpanel.framework */; settings = {ATTRIBUTES = (CodeSignOnCopy, RemoveHeadersOnCopy, ); }; };
		21B0248E1D8901C400A0B226 /* X.framework in Embed Frameworks */ = {isa = PBXBuildFile; fileRef = 21CC0D821D88FFB000B3F5DF /* X.framework */; settings = {ATTRIBUTES = (CodeSignOnCopy, RemoveHeadersOnCopy, ); }; };
		21C8CF281EEEF15700261547 /* InfoPlist.strings in Resources */ = {isa = PBXBuildFile; fileRef = 21C8CF261EEEF15700261547 /* InfoPlist.strings */; };
		21CC0D501D88FFAA00B3F5DF /* AboutViewController.swift in Sources */ = {isa = PBXBuildFile; fileRef = 21CC0D1E1D88FFAA00B3F5DF /* AboutViewController.swift */; };
		21CC0D511D88FFAA00B3F5DF /* AboutWindowController.swift in Sources */ = {isa = PBXBuildFile; fileRef = 21CC0D1F1D88FFAA00B3F5DF /* AboutWindowController.swift */; };
		21CC0D521D88FFAA00B3F5DF /* AppDelegate.swift in Sources */ = {isa = PBXBuildFile; fileRef = 21CC0D201D88FFAA00B3F5DF /* AppDelegate.swift */; };
		21CC0D531D88FFAA00B3F5DF /* EditorViewController.swift in Sources */ = {isa = PBXBuildFile; fileRef = 21CC0D211D88FFAA00B3F5DF /* EditorViewController.swift */; };
		21CC0D541D88FFAA00B3F5DF /* EditorWindowController.swift in Sources */ = {isa = PBXBuildFile; fileRef = 21CC0D221D88FFAA00B3F5DF /* EditorWindowController.swift */; };
		21CC0D551D88FFAA00B3F5DF /* ImageDragDestinationView.swift in Sources */ = {isa = PBXBuildFile; fileRef = 21CC0D231D88FFAA00B3F5DF /* ImageDragDestinationView.swift */; };
		21CC0D561D88FFAA00B3F5DF /* Label.swift in Sources */ = {isa = PBXBuildFile; fileRef = 21CC0D241D88FFAA00B3F5DF /* Label.swift */; };
		21CC0D571D88FFAA00B3F5DF /* ModifierClickGestureRecognizer.swift in Sources */ = {isa = PBXBuildFile; fileRef = 21CC0D251D88FFAA00B3F5DF /* ModifierClickGestureRecognizer.swift */; };
		21CC0D581D88FFAA00B3F5DF /* NSBezierPath+Redacted.swift in Sources */ = {isa = PBXBuildFile; fileRef = 21CC0D261D88FFAA00B3F5DF /* NSBezierPath+Redacted.swift */; };
		21CC0D591D88FFAA00B3F5DF /* NSSegmentedControl+Redacted.swift in Sources */ = {isa = PBXBuildFile; fileRef = 21CC0D271D88FFAA00B3F5DF /* NSSegmentedControl+Redacted.swift */; };
		21CC0D5A1D88FFAA00B3F5DF /* ToolTipView.swift in Sources */ = {isa = PBXBuildFile; fileRef = 21CC0D281D88FFAA00B3F5DF /* ToolTipView.swift */; };
		21CC0D5B1D88FFAA00B3F5DF /* Main.storyboard in Resources */ = {isa = PBXBuildFile; fileRef = 21CC0D2A1D88FFAA00B3F5DF /* Main.storyboard */; };
		21CC0D5D1D88FFAA00B3F5DF /* Main.strings in Resources */ = {isa = PBXBuildFile; fileRef = 21CC0D2D1D88FFAA00B3F5DF /* Main.strings */; };
		21CC0D5E1D88FFAA00B3F5DF /* Images.xcassets in Resources */ = {isa = PBXBuildFile; fileRef = 21CC0D301D88FFAA00B3F5DF /* Images.xcassets */; };
		21CC0D901D88FFB000B3F5DF /* Mixpanel.framework in Frameworks */ = {isa = PBXBuildFile; fileRef = 21CC0D801D88FFB000B3F5DF /* Mixpanel.framework */; };
		21CC0D921D88FFB000B3F5DF /* X.framework in Frameworks */ = {isa = PBXBuildFile; fileRef = 21CC0D821D88FFB000B3F5DF /* X.framework */; };
		21CC0D951D88FFCE00B3F5DF /* Mixpanel.framework in Frameworks */ = {isa = PBXBuildFile; fileRef = 21CC0D7B1D88FFB000B3F5DF /* Mixpanel.framework */; };
		21CC0D961D88FFCE00B3F5DF /* X.framework in Frameworks */ = {isa = PBXBuildFile; fileRef = 21CC0D7D1D88FFB000B3F5DF /* X.framework */; };
		21CC0D991D89002400B3F5DF /* RedactedKit.h in Headers */ = {isa = PBXBuildFile; fileRef = 21CC0D461D88FFAA00B3F5DF /* RedactedKit.h */; settings = {ATTRIBUTES = (Public, ); }; };
		21CC0D9A1D89002500B3F5DF /* RedactedKit.h in Headers */ = {isa = PBXBuildFile; fileRef = 21CC0D461D88FFAA00B3F5DF /* RedactedKit.h */; settings = {ATTRIBUTES = (Public, ); }; };
		21E547D01EF1AA2D009FA237 /* PhotosController.swift in Sources */ = {isa = PBXBuildFile; fileRef = 21E547CF1EF1AA2D009FA237 /* PhotosController.swift */; };
		21E547D21EF1AC0D009FA237 /* UIAlertAction+Redacted.swift in Sources */ = {isa = PBXBuildFile; fileRef = 21E547D11EF1AC0D009FA237 /* UIAlertAction+Redacted.swift */; };
		21E547D41EF1B682009FA237 /* UIPasteboard+Redacted.swift in Sources */ = {isa = PBXBuildFile; fileRef = 21E547D31EF1B682009FA237 /* UIPasteboard+Redacted.swift */; };
		21E547D81EF1CEE1009FA237 /* EditorViewController+Actions.swift in Sources */ = {isa = PBXBuildFile; fileRef = 21E547D71EF1CEE1009FA237 /* EditorViewController+Actions.swift */; };
		21E547DA1EF1D853009FA237 /* ToolTipView.swift in Sources */ = {isa = PBXBuildFile; fileRef = 21E547D91EF1D853009FA237 /* ToolTipView.swift */; };
		21E547DC1EF1D8F8009FA237 /* Label.swift in Sources */ = {isa = PBXBuildFile; fileRef = 21E547DB1EF1D8F8009FA237 /* Label.swift */; };
		21E547DD1EF1E752009FA237 /* Localizable.strings in Resources */ = {isa = PBXBuildFile; fileRef = 21CC0D421D88FFAA00B3F5DF /* Localizable.strings */; };
		21E547DE1EF1E75D009FA237 /* Localizable.strings in Resources */ = {isa = PBXBuildFile; fileRef = 216DA4781EEA4F6200E39CAE /* Localizable.strings */; };
/* End PBXBuildFile section */

/* Begin PBXContainerItemProxy section */
		210EF3731AC0A39900ED8E97 /* PBXContainerItemProxy */ = {
			isa = PBXContainerItemProxy;
			containerPortal = 210EF32F1AC0A35C00ED8E97 /* Project object */;
			proxyType = 1;
			remoteGlobalIDString = 210EF35D1AC0A39900ED8E97;
			remoteInfo = RedactedKit;
		};
		212456BF1AD92CC70038D30D /* PBXContainerItemProxy */ = {
			isa = PBXContainerItemProxy;
			containerPortal = 210EF32F1AC0A35C00ED8E97 /* Project object */;
			proxyType = 1;
			remoteGlobalIDString = 212456A91AD92CC70038D30D;
			remoteInfo = "RedactedKit-iOS";
		};
/* End PBXContainerItemProxy section */

/* Begin PBXCopyFilesBuildPhase section */
		210EF37A1AC0A39900ED8E97 /* Embed Frameworks */ = {
			isa = PBXCopyFilesBuildPhase;
			buildActionMask = 2147483647;
			dstPath = "";
			dstSubfolderSpec = 10;
			files = (
				210EF3761AC0A39900ED8E97 /* RedactedKit.framework in Embed Frameworks */,
				21B0248D1D8901C400A0B226 /* Mixpanel.framework in Embed Frameworks */,
				21B0248E1D8901C400A0B226 /* X.framework in Embed Frameworks */,
			);
			name = "Embed Frameworks";
			runOnlyForDeploymentPostprocessing = 0;
		};
		212456701AD924400038D30D /* Embed Frameworks */ = {
			isa = PBXCopyFilesBuildPhase;
			buildActionMask = 2147483647;
			dstPath = "";
			dstSubfolderSpec = 10;
			files = (
				212456C21AD92CC70038D30D /* RedactedKit.framework in Embed Frameworks */,
			);
			name = "Embed Frameworks";
			runOnlyForDeploymentPostprocessing = 0;
		};
/* End PBXCopyFilesBuildPhase section */

/* Begin PBXFileReference section */
		21021EA31EEEF113008FE1CA /* pt */ = {isa = PBXFileReference; lastKnownFileType = text.plist.strings; name = pt; path = pt.lproj/Main.strings; sourceTree = "<group>"; };
		210EF3371AC0A35C00ED8E97 /* Redacted.app */ = {isa = PBXFileReference; explicitFileType = wrapper.application; includeInIndex = 0; path = Redacted.app; sourceTree = BUILT_PRODUCTS_DIR; };
		210EF35E1AC0A39900ED8E97 /* RedactedKit.framework */ = {isa = PBXFileReference; explicitFileType = wrapper.framework; includeInIndex = 0; path = RedactedKit.framework; sourceTree = BUILT_PRODUCTS_DIR; };
		212456AA1AD92CC70038D30D /* RedactedKit.framework */ = {isa = PBXFileReference; explicitFileType = wrapper.framework; includeInIndex = 0; path = RedactedKit.framework; sourceTree = BUILT_PRODUCTS_DIR; };
		216997FA1DCA479700E65D34 /* nl */ = {isa = PBXFileReference; lastKnownFileType = text.plist.strings; name = nl; path = nl.lproj/Main.strings; sourceTree = "<group>"; };
		216997FB1DCA47A000E65D34 /* nl */ = {isa = PBXFileReference; lastKnownFileType = text.plist.strings; name = nl; path = nl.lproj/Localizable.strings; sourceTree = "<group>"; };
		216DA4761EEA49F200E39CAE /* EmptyView.swift */ = {isa = PBXFileReference; fileEncoding = 4; lastKnownFileType = sourcecode.swift; path = EmptyView.swift; sourceTree = "<group>"; };
		216DA4791EEA4F6200E39CAE /* en */ = {isa = PBXFileReference; lastKnownFileType = text.plist.strings; name = en; path = en.lproj/Localizable.strings; sourceTree = "<group>"; };
		216DA47B1EEA54D400E39CAE /* ToolbarView.swift */ = {isa = PBXFileReference; fileEncoding = 4; lastKnownFileType = sourcecode.swift; path = ToolbarView.swift; sourceTree = "<group>"; };
		216DA47D1EEA569500E39CAE /* RedactedKit.swift */ = {isa = PBXFileReference; fileEncoding = 4; lastKnownFileType = sourcecode.swift; path = RedactedKit.swift; sourceTree = "<group>"; };
		216DA4831EEA5A5600E39CAE /* SegmentedControl.swift */ = {isa = PBXFileReference; fileEncoding = 4; lastKnownFileType = sourcecode.swift; path = SegmentedControl.swift; sourceTree = "<group>"; };
		216DA4851EEA5E5900E39CAE /* ToolbarButton.swift */ = {isa = PBXFileReference; fileEncoding = 4; lastKnownFileType = sourcecode.swift; path = ToolbarButton.swift; sourceTree = "<group>"; };
		216DA4871EEA709200E39CAE /* UIApplicationShortcutItem+Redacted.swift */ = {isa = PBXFileReference; fileEncoding = 4; lastKnownFileType = sourcecode.swift; path = "UIApplicationShortcutItem+Redacted.swift"; sourceTree = "<group>"; };
		216DA4891EEA715200E39CAE /* LocalizedString.swift */ = {isa = PBXFileReference; fileEncoding = 4; lastKnownFileType = sourcecode.swift; path = LocalizedString.swift; sourceTree = "<group>"; };
		2192BAC41AD0E6C500AC87E2 /* Redacted.app */ = {isa = PBXFileReference; explicitFileType = wrapper.application; includeInIndex = 0; path = Redacted.app; sourceTree = BUILT_PRODUCTS_DIR; };
		219512251EF23B35000A3D12 /* zh-Hans */ = {isa = PBXFileReference; lastKnownFileType = text.plist.strings; name = "zh-Hans"; path = "zh-Hans.lproj/InfoPlist.strings"; sourceTree = "<group>"; };
		219512261EF23B35000A3D12 /* zh-Hans */ = {isa = PBXFileReference; lastKnownFileType = text.plist.strings; name = "zh-Hans"; path = "zh-Hans.lproj/Localizable.strings"; sourceTree = "<group>"; };
		219512271EF23B45000A3D12 /* zh-Hans */ = {isa = PBXFileReference; lastKnownFileType = text.plist.strings; name = "zh-Hans"; path = "zh-Hans.lproj/Main.strings"; sourceTree = "<group>"; };
		219512281EF23B53000A3D12 /* zh-Hans */ = {isa = PBXFileReference; lastKnownFileType = text.plist.strings; name = "zh-Hans"; path = "zh-Hans.lproj/Localizable.strings"; sourceTree = "<group>"; };
		21C8CF231EEEF13E00261547 /* nl */ = {isa = PBXFileReference; lastKnownFileType = text.plist.strings; name = nl; path = nl.lproj/Localizable.strings; sourceTree = "<group>"; };
		21C8CF241EEEF14300261547 /* pt */ = {isa = PBXFileReference; lastKnownFileType = text.plist.strings; name = pt; path = pt.lproj/Localizable.strings; sourceTree = "<group>"; };
		21C8CF251EEEF14B00261547 /* pt */ = {isa = PBXFileReference; lastKnownFileType = text.plist.strings; name = pt; path = pt.lproj/Localizable.strings; sourceTree = "<group>"; };
		21C8CF271EEEF15700261547 /* en */ = {isa = PBXFileReference; lastKnownFileType = text.plist.strings; name = en; path = en.lproj/InfoPlist.strings; sourceTree = "<group>"; };
		21CC0D151D88FFAA00B3F5DF /* AppDelegate.swift */ = {isa = PBXFileReference; fileEncoding = 4; lastKnownFileType = sourcecode.swift; path = AppDelegate.swift; sourceTree = "<group>"; };
		21CC0D161D88FFAA00B3F5DF /* EditorViewController.swift */ = {isa = PBXFileReference; fileEncoding = 4; lastKnownFileType = sourcecode.swift; path = EditorViewController.swift; sourceTree = "<group>"; };
		21CC0D191D88FFAA00B3F5DF /* Base */ = {isa = PBXFileReference; lastKnownFileType = file.xib; name = Base; path = Base.lproj/LaunchScreen.xib; sourceTree = "<group>"; };
		21CC0D1A1D88FFAA00B3F5DF /* Images.xcassets */ = {isa = PBXFileReference; lastKnownFileType = folder.assetcatalog; path = Images.xcassets; sourceTree = "<group>"; };
		21CC0D1B1D88FFAA00B3F5DF /* Info.plist */ = {isa = PBXFileReference; fileEncoding = 4; lastKnownFileType = text.plist.xml; path = Info.plist; sourceTree = "<group>"; };
		21CC0D1E1D88FFAA00B3F5DF /* AboutViewController.swift */ = {isa = PBXFileReference; fileEncoding = 4; lastKnownFileType = sourcecode.swift; path = AboutViewController.swift; sourceTree = "<group>"; };
		21CC0D1F1D88FFAA00B3F5DF /* AboutWindowController.swift */ = {isa = PBXFileReference; fileEncoding = 4; lastKnownFileType = sourcecode.swift; path = AboutWindowController.swift; sourceTree = "<group>"; };
		21CC0D201D88FFAA00B3F5DF /* AppDelegate.swift */ = {isa = PBXFileReference; fileEncoding = 4; lastKnownFileType = sourcecode.swift; path = AppDelegate.swift; sourceTree = "<group>"; };
		21CC0D211D88FFAA00B3F5DF /* EditorViewController.swift */ = {isa = PBXFileReference; fileEncoding = 4; lastKnownFileType = sourcecode.swift; path = EditorViewController.swift; sourceTree = "<group>"; };
		21CC0D221D88FFAA00B3F5DF /* EditorWindowController.swift */ = {isa = PBXFileReference; fileEncoding = 4; lastKnownFileType = sourcecode.swift; path = EditorWindowController.swift; sourceTree = "<group>"; };
		21CC0D231D88FFAA00B3F5DF /* ImageDragDestinationView.swift */ = {isa = PBXFileReference; fileEncoding = 4; lastKnownFileType = sourcecode.swift; path = ImageDragDestinationView.swift; sourceTree = "<group>"; };
		21CC0D241D88FFAA00B3F5DF /* Label.swift */ = {isa = PBXFileReference; fileEncoding = 4; lastKnownFileType = sourcecode.swift; path = Label.swift; sourceTree = "<group>"; };
		21CC0D251D88FFAA00B3F5DF /* ModifierClickGestureRecognizer.swift */ = {isa = PBXFileReference; fileEncoding = 4; lastKnownFileType = sourcecode.swift; path = ModifierClickGestureRecognizer.swift; sourceTree = "<group>"; };
		21CC0D261D88FFAA00B3F5DF /* NSBezierPath+Redacted.swift */ = {isa = PBXFileReference; fileEncoding = 4; lastKnownFileType = sourcecode.swift; path = "NSBezierPath+Redacted.swift"; sourceTree = "<group>"; };
		21CC0D271D88FFAA00B3F5DF /* NSSegmentedControl+Redacted.swift */ = {isa = PBXFileReference; fileEncoding = 4; lastKnownFileType = sourcecode.swift; path = "NSSegmentedControl+Redacted.swift"; sourceTree = "<group>"; };
		21CC0D281D88FFAA00B3F5DF /* ToolTipView.swift */ = {isa = PBXFileReference; fileEncoding = 4; lastKnownFileType = sourcecode.swift; path = ToolTipView.swift; sourceTree = "<group>"; };
		21CC0D2B1D88FFAA00B3F5DF /* Base */ = {isa = PBXFileReference; lastKnownFileType = file.storyboard; name = Base; path = Base.lproj/Main.storyboard; sourceTree = "<group>"; };
		21CC0D2E1D88FFAA00B3F5DF /* en */ = {isa = PBXFileReference; lastKnownFileType = text.plist.strings; name = en; path = en.lproj/Main.strings; sourceTree = "<group>"; };
		21CC0D2F1D88FFAA00B3F5DF /* fr */ = {isa = PBXFileReference; lastKnownFileType = text.plist.strings; name = fr; path = fr.lproj/Main.strings; sourceTree = "<group>"; };
		21CC0D301D88FFAA00B3F5DF /* Images.xcassets */ = {isa = PBXFileReference; lastKnownFileType = folder.assetcatalog; path = Images.xcassets; sourceTree = "<group>"; };
		21CC0D311D88FFAA00B3F5DF /* Info.plist */ = {isa = PBXFileReference; fileEncoding = 4; lastKnownFileType = text.plist.xml; path = Info.plist; sourceTree = "<group>"; };
		21CC0D321D88FFAA00B3F5DF /* Redacted.entitlements */ = {isa = PBXFileReference; fileEncoding = 4; lastKnownFileType = text.plist.entitlements; path = Redacted.entitlements; sourceTree = "<group>"; };
		21CC0D351D88FFAA00B3F5DF /* BoundingBoxLayer.swift */ = {isa = PBXFileReference; fileEncoding = 4; lastKnownFileType = sourcecode.swift; path = BoundingBoxLayer.swift; sourceTree = "<group>"; };
		21CC0D361D88FFAA00B3F5DF /* ChainFilter.swift */ = {isa = PBXFileReference; fileEncoding = 4; lastKnownFileType = sourcecode.swift; path = ChainFilter.swift; sourceTree = "<group>"; };
		21CC0D371D88FFAA00B3F5DF /* CIImage+RedactedKit.swift */ = {isa = PBXFileReference; fileEncoding = 4; lastKnownFileType = sourcecode.swift; path = "CIImage+RedactedKit.swift"; sourceTree = "<group>"; };
		21CC0D381D88FFAA00B3F5DF /* Colors.swift */ = {isa = PBXFileReference; fileEncoding = 4; lastKnownFileType = sourcecode.swift; path = Colors.swift; sourceTree = "<group>"; };
		21CC0D391D88FFAA00B3F5DF /* CoreGraphics+RedactedKit.swift */ = {isa = PBXFileReference; fileEncoding = 4; lastKnownFileType = sourcecode.swift; path = "CoreGraphics+RedactedKit.swift"; sourceTree = "<group>"; };
		21CC0D3A1D88FFAA00B3F5DF /* CoreImageLayer.swift */ = {isa = PBXFileReference; fileEncoding = 4; lastKnownFileType = sourcecode.swift; path = CoreImageLayer.swift; sourceTree = "<group>"; };
		21CC0D3B1D88FFAA00B3F5DF /* HandleLayer.swift */ = {isa = PBXFileReference; fileEncoding = 4; lastKnownFileType = sourcecode.swift; path = HandleLayer.swift; sourceTree = "<group>"; };
		21CC0D3D1D88FFAA00B3F5DF /* RedactedLayer.swift */ = {isa = PBXFileReference; fileEncoding = 4; lastKnownFileType = sourcecode.swift; path = RedactedLayer.swift; sourceTree = "<group>"; };
		21CC0D3E1D88FFAA00B3F5DF /* RedactedView.swift */ = {isa = PBXFileReference; fileEncoding = 4; lastKnownFileType = sourcecode.swift; path = RedactedView.swift; sourceTree = "<group>"; };
		21CC0D3F1D88FFAA00B3F5DF /* Redaction.swift */ = {isa = PBXFileReference; fileEncoding = 4; lastKnownFileType = sourcecode.swift; path = Redaction.swift; sourceTree = "<group>"; };
		21CC0D401D88FFAA00B3F5DF /* RedactionsController.swift */ = {isa = PBXFileReference; fileEncoding = 4; lastKnownFileType = sourcecode.swift; path = RedactionsController.swift; sourceTree = "<group>"; };
		21CC0D431D88FFAA00B3F5DF /* en */ = {isa = PBXFileReference; lastKnownFileType = text.plist.strings; name = en; path = en.lproj/Localizable.strings; sourceTree = "<group>"; };
		21CC0D441D88FFAA00B3F5DF /* fr */ = {isa = PBXFileReference; lastKnownFileType = text.plist.strings; name = fr; path = fr.lproj/Localizable.strings; sourceTree = "<group>"; };
		21CC0D451D88FFAA00B3F5DF /* Info.plist */ = {isa = PBXFileReference; fileEncoding = 4; lastKnownFileType = text.plist.xml; path = Info.plist; sourceTree = "<group>"; };
		21CC0D461D88FFAA00B3F5DF /* RedactedKit.h */ = {isa = PBXFileReference; fileEncoding = 4; lastKnownFileType = sourcecode.c.h; path = RedactedKit.h; sourceTree = "<group>"; };
		21CC0D7B1D88FFB000B3F5DF /* Mixpanel.framework */ = {isa = PBXFileReference; lastKnownFileType = wrapper.framework; path = Mixpanel.framework; sourceTree = "<group>"; };
		21CC0D7D1D88FFB000B3F5DF /* X.framework */ = {isa = PBXFileReference; lastKnownFileType = wrapper.framework; path = X.framework; sourceTree = "<group>"; };
		21CC0D801D88FFB000B3F5DF /* Mixpanel.framework */ = {isa = PBXFileReference; lastKnownFileType = wrapper.framework; path = Mixpanel.framework; sourceTree = "<group>"; };
		21CC0D821D88FFB000B3F5DF /* X.framework */ = {isa = PBXFileReference; lastKnownFileType = wrapper.framework; path = X.framework; sourceTree = "<group>"; };
		21E547CF1EF1AA2D009FA237 /* PhotosController.swift */ = {isa = PBXFileReference; fileEncoding = 4; lastKnownFileType = sourcecode.swift; path = PhotosController.swift; sourceTree = "<group>"; };
		21E547D11EF1AC0D009FA237 /* UIAlertAction+Redacted.swift */ = {isa = PBXFileReference; fileEncoding = 4; lastKnownFileType = sourcecode.swift; path = "UIAlertAction+Redacted.swift"; sourceTree = "<group>"; };
		21E547D31EF1B682009FA237 /* UIPasteboard+Redacted.swift */ = {isa = PBXFileReference; fileEncoding = 4; lastKnownFileType = sourcecode.swift; path = "UIPasteboard+Redacted.swift"; sourceTree = "<group>"; };
		21E547D71EF1CEE1009FA237 /* EditorViewController+Actions.swift */ = {isa = PBXFileReference; fileEncoding = 4; lastKnownFileType = sourcecode.swift; path = "EditorViewController+Actions.swift"; sourceTree = "<group>"; };
		21E547D91EF1D853009FA237 /* ToolTipView.swift */ = {isa = PBXFileReference; fileEncoding = 4; lastKnownFileType = sourcecode.swift; path = ToolTipView.swift; sourceTree = "<group>"; };
		21E547DB1EF1D8F8009FA237 /* Label.swift */ = {isa = PBXFileReference; fileEncoding = 4; lastKnownFileType = sourcecode.swift; path = Label.swift; sourceTree = "<group>"; };
/* End PBXFileReference section */

/* Begin PBXFrameworksBuildPhase section */
		210EF3341AC0A35C00ED8E97 /* Frameworks */ = {
			isa = PBXFrameworksBuildPhase;
			buildActionMask = 2147483647;
			files = (
				210EF3751AC0A39900ED8E97 /* RedactedKit.framework in Frameworks */,
				21CC0D921D88FFB000B3F5DF /* X.framework in Frameworks */,
				21CC0D901D88FFB000B3F5DF /* Mixpanel.framework in Frameworks */,
			);
			runOnlyForDeploymentPostprocessing = 0;
		};
		210EF35A1AC0A39900ED8E97 /* Frameworks */ = {
			isa = PBXFrameworksBuildPhase;
			buildActionMask = 2147483647;
			files = (
			);
			runOnlyForDeploymentPostprocessing = 0;
		};
		212456A61AD92CC70038D30D /* Frameworks */ = {
			isa = PBXFrameworksBuildPhase;
			buildActionMask = 2147483647;
			files = (
			);
			runOnlyForDeploymentPostprocessing = 0;
		};
		2192BAC11AD0E6C500AC87E2 /* Frameworks */ = {
			isa = PBXFrameworksBuildPhase;
			buildActionMask = 2147483647;
			files = (
				212456C11AD92CC70038D30D /* RedactedKit.framework in Frameworks */,
				21CC0D951D88FFCE00B3F5DF /* Mixpanel.framework in Frameworks */,
				21CC0D961D88FFCE00B3F5DF /* X.framework in Frameworks */,
			);
			runOnlyForDeploymentPostprocessing = 0;
		};
/* End PBXFrameworksBuildPhase section */

/* Begin PBXGroup section */
		210EF32E1AC0A35C00ED8E97 = {
			isa = PBXGroup;
			children = (
				21CC0D1C1D88FFAA00B3F5DF /* Redacted-macOS */,
				21CC0D131D88FFAA00B3F5DF /* Redacted-iOS */,
				21CC0D331D88FFAA00B3F5DF /* RedactedKit */,
				21CC0D711D88FFB000B3F5DF /* Frameworks */,
				210EF3381AC0A35C00ED8E97 /* Products */,
			);
			indentWidth = 4;
			sourceTree = "<group>";
		};
		210EF3381AC0A35C00ED8E97 /* Products */ = {
			isa = PBXGroup;
			children = (
				210EF3371AC0A35C00ED8E97 /* Redacted.app */,
				210EF35E1AC0A39900ED8E97 /* RedactedKit.framework */,
				2192BAC41AD0E6C500AC87E2 /* Redacted.app */,
				212456AA1AD92CC70038D30D /* RedactedKit.framework */,
			);
			name = Products;
			sourceTree = "<group>";
		};
		21CC0D131D88FFAA00B3F5DF /* Redacted-iOS */ = {
			isa = PBXGroup;
			children = (
				21CC0D141D88FFAA00B3F5DF /* Sources */,
				21CC0D171D88FFAA00B3F5DF /* Support */,
			);
			path = "Redacted-iOS";
			sourceTree = "<group>";
		};
		21CC0D141D88FFAA00B3F5DF /* Sources */ = {
			isa = PBXGroup;
			children = (
				21CC0D151D88FFAA00B3F5DF /* AppDelegate.swift */,
				21CC0D161D88FFAA00B3F5DF /* EditorViewController.swift */,
				21E547D71EF1CEE1009FA237 /* EditorViewController+Actions.swift */,
				216DA4761EEA49F200E39CAE /* EmptyView.swift */,
				216DA47B1EEA54D400E39CAE /* ToolbarView.swift */,
				216DA4831EEA5A5600E39CAE /* SegmentedControl.swift */,
				216DA4851EEA5E5900E39CAE /* ToolbarButton.swift */,
				216DA4871EEA709200E39CAE /* UIApplicationShortcutItem+Redacted.swift */,
				216DA4891EEA715200E39CAE /* LocalizedString.swift */,
				21E547CF1EF1AA2D009FA237 /* PhotosController.swift */,
				21E547D11EF1AC0D009FA237 /* UIAlertAction+Redacted.swift */,
				21E547D31EF1B682009FA237 /* UIPasteboard+Redacted.swift */,
				21E547D91EF1D853009FA237 /* ToolTipView.swift */,
				21E547DB1EF1D8F8009FA237 /* Label.swift */,
			);
			path = Sources;
			sourceTree = "<group>";
		};
		21CC0D171D88FFAA00B3F5DF /* Support */ = {
			isa = PBXGroup;
			children = (
				21CC0D181D88FFAA00B3F5DF /* LaunchScreen.xib */,
				21CC0D1A1D88FFAA00B3F5DF /* Images.xcassets */,
				21CC0D1B1D88FFAA00B3F5DF /* Info.plist */,
				216DA4781EEA4F6200E39CAE /* Localizable.strings */,
				21C8CF261EEEF15700261547 /* InfoPlist.strings */,
			);
			path = Support;
			sourceTree = "<group>";
		};
		21CC0D1C1D88FFAA00B3F5DF /* Redacted-macOS */ = {
			isa = PBXGroup;
			children = (
				21CC0D1D1D88FFAA00B3F5DF /* Sources */,
				21CC0D291D88FFAA00B3F5DF /* Support */,
			);
			path = "Redacted-macOS";
			sourceTree = "<group>";
		};
		21CC0D1D1D88FFAA00B3F5DF /* Sources */ = {
			isa = PBXGroup;
			children = (
				21CC0D1E1D88FFAA00B3F5DF /* AboutViewController.swift */,
				21CC0D1F1D88FFAA00B3F5DF /* AboutWindowController.swift */,
				21CC0D201D88FFAA00B3F5DF /* AppDelegate.swift */,
				21CC0D211D88FFAA00B3F5DF /* EditorViewController.swift */,
				21CC0D221D88FFAA00B3F5DF /* EditorWindowController.swift */,
				21CC0D231D88FFAA00B3F5DF /* ImageDragDestinationView.swift */,
				21CC0D241D88FFAA00B3F5DF /* Label.swift */,
				21CC0D251D88FFAA00B3F5DF /* ModifierClickGestureRecognizer.swift */,
				21CC0D261D88FFAA00B3F5DF /* NSBezierPath+Redacted.swift */,
				21CC0D271D88FFAA00B3F5DF /* NSSegmentedControl+Redacted.swift */,
				21CC0D281D88FFAA00B3F5DF /* ToolTipView.swift */,
			);
			path = Sources;
			sourceTree = "<group>";
		};
		21CC0D291D88FFAA00B3F5DF /* Support */ = {
			isa = PBXGroup;
			children = (
				21CC0D2A1D88FFAA00B3F5DF /* Main.storyboard */,
				21CC0D2D1D88FFAA00B3F5DF /* Main.strings */,
				21CC0D301D88FFAA00B3F5DF /* Images.xcassets */,
				21CC0D311D88FFAA00B3F5DF /* Info.plist */,
				21CC0D321D88FFAA00B3F5DF /* Redacted.entitlements */,
			);
			path = Support;
			sourceTree = "<group>";
		};
		21CC0D331D88FFAA00B3F5DF /* RedactedKit */ = {
			isa = PBXGroup;
			children = (
				21CC0D341D88FFAA00B3F5DF /* Sources */,
				21CC0D411D88FFAA00B3F5DF /* Support */,
			);
			path = RedactedKit;
			sourceTree = "<group>";
		};
		21CC0D341D88FFAA00B3F5DF /* Sources */ = {
			isa = PBXGroup;
			children = (
				216DA47D1EEA569500E39CAE /* RedactedKit.swift */,
				21CC0D351D88FFAA00B3F5DF /* BoundingBoxLayer.swift */,
				21CC0D361D88FFAA00B3F5DF /* ChainFilter.swift */,
				21CC0D371D88FFAA00B3F5DF /* CIImage+RedactedKit.swift */,
				21CC0D381D88FFAA00B3F5DF /* Colors.swift */,
				21CC0D391D88FFAA00B3F5DF /* CoreGraphics+RedactedKit.swift */,
				21CC0D3A1D88FFAA00B3F5DF /* CoreImageLayer.swift */,
				21CC0D3B1D88FFAA00B3F5DF /* HandleLayer.swift */,
				21CC0D3D1D88FFAA00B3F5DF /* RedactedLayer.swift */,
				21CC0D3E1D88FFAA00B3F5DF /* RedactedView.swift */,
				21CC0D3F1D88FFAA00B3F5DF /* Redaction.swift */,
				21CC0D401D88FFAA00B3F5DF /* RedactionsController.swift */,
			);
			path = Sources;
			sourceTree = "<group>";
		};
		21CC0D411D88FFAA00B3F5DF /* Support */ = {
			isa = PBXGroup;
			children = (
				21CC0D421D88FFAA00B3F5DF /* Localizable.strings */,
				21CC0D451D88FFAA00B3F5DF /* Info.plist */,
				21CC0D461D88FFAA00B3F5DF /* RedactedKit.h */,
			);
			path = Support;
			sourceTree = "<group>";
		};
		21CC0D711D88FFB000B3F5DF /* Frameworks */ = {
			isa = PBXGroup;
			children = (
				21CC0D721D88FFB000B3F5DF /* iOS */,
				21CC0D7F1D88FFB000B3F5DF /* macOS */,
			);
			name = Frameworks;
			path = Carthage/Build;
			sourceTree = "<group>";
		};
		21CC0D721D88FFB000B3F5DF /* iOS */ = {
			isa = PBXGroup;
			children = (
				21CC0D7B1D88FFB000B3F5DF /* Mixpanel.framework */,
				21CC0D7D1D88FFB000B3F5DF /* X.framework */,
			);
			path = iOS;
			sourceTree = "<group>";
		};
		21CC0D7F1D88FFB000B3F5DF /* macOS */ = {
			isa = PBXGroup;
			children = (
				21CC0D801D88FFB000B3F5DF /* Mixpanel.framework */,
				21CC0D821D88FFB000B3F5DF /* X.framework */,
			);
			name = macOS;
			path = Mac;
			sourceTree = "<group>";
		};
/* End PBXGroup section */

/* Begin PBXHeadersBuildPhase section */
		210EF35B1AC0A39900ED8E97 /* Headers */ = {
			isa = PBXHeadersBuildPhase;
			buildActionMask = 2147483647;
			files = (
				21CC0D991D89002400B3F5DF /* RedactedKit.h in Headers */,
			);
			runOnlyForDeploymentPostprocessing = 0;
		};
		212456A71AD92CC70038D30D /* Headers */ = {
			isa = PBXHeadersBuildPhase;
			buildActionMask = 2147483647;
			files = (
				21CC0D9A1D89002500B3F5DF /* RedactedKit.h in Headers */,
			);
			runOnlyForDeploymentPostprocessing = 0;
		};
/* End PBXHeadersBuildPhase section */

/* Begin PBXNativeTarget section */
		210EF3361AC0A35C00ED8E97 /* Redacted-macOS */ = {
			isa = PBXNativeTarget;
			buildConfigurationList = 210EF3531AC0A35D00ED8E97 /* Build configuration list for PBXNativeTarget "Redacted-macOS" */;
			buildPhases = (
				210EF3331AC0A35C00ED8E97 /* Sources */,
				210EF3341AC0A35C00ED8E97 /* Frameworks */,
				210EF3351AC0A35C00ED8E97 /* Resources */,
				210EF37A1AC0A39900ED8E97 /* Embed Frameworks */,
				216677E21D89099D0031B903 /* Set Version */,
			);
			buildRules = (
			);
			dependencies = (
				210EF3741AC0A39900ED8E97 /* PBXTargetDependency */,
			);
			name = "Redacted-macOS";
			productName = Redacted;
			productReference = 210EF3371AC0A35C00ED8E97 /* Redacted.app */;
			productType = "com.apple.product-type.application";
		};
		210EF35D1AC0A39900ED8E97 /* RedactedKit-macOS */ = {
			isa = PBXNativeTarget;
			buildConfigurationList = 210EF3771AC0A39900ED8E97 /* Build configuration list for PBXNativeTarget "RedactedKit-macOS" */;
			buildPhases = (
				210EF3591AC0A39900ED8E97 /* Sources */,
				210EF35A1AC0A39900ED8E97 /* Frameworks */,
				210EF35B1AC0A39900ED8E97 /* Headers */,
				210EF35C1AC0A39900ED8E97 /* Resources */,
				216677E31D8909C90031B903 /* Set Version */,
			);
			buildRules = (
			);
			dependencies = (
			);
			name = "RedactedKit-macOS";
			productName = RedactedKit;
			productReference = 210EF35E1AC0A39900ED8E97 /* RedactedKit.framework */;
			productType = "com.apple.product-type.framework";
		};
		212456A91AD92CC70038D30D /* RedactedKit-iOS */ = {
			isa = PBXNativeTarget;
			buildConfigurationList = 212456C31AD92CC70038D30D /* Build configuration list for PBXNativeTarget "RedactedKit-iOS" */;
			buildPhases = (
				212456A51AD92CC70038D30D /* Sources */,
				212456A61AD92CC70038D30D /* Frameworks */,
				212456A71AD92CC70038D30D /* Headers */,
				212456A81AD92CC70038D30D /* Resources */,
				216677E51D8909F30031B903 /* Set Version */,
			);
			buildRules = (
			);
			dependencies = (
			);
			name = "RedactedKit-iOS";
			productName = "RedactedKit-iOS";
			productReference = 212456AA1AD92CC70038D30D /* RedactedKit.framework */;
			productType = "com.apple.product-type.framework";
		};
		2192BAC31AD0E6C500AC87E2 /* Redacted-iOS */ = {
			isa = PBXNativeTarget;
			buildConfigurationList = 2192BAE01AD0E6C500AC87E2 /* Build configuration list for PBXNativeTarget "Redacted-iOS" */;
			buildPhases = (
				2192BAC01AD0E6C500AC87E2 /* Sources */,
				2192BAC11AD0E6C500AC87E2 /* Frameworks */,
				2192BAC21AD0E6C500AC87E2 /* Resources */,
				212456701AD924400038D30D /* Embed Frameworks */,
				2189E4B51AF3DD5F00051BD6 /* Embed Carthage Frameworks */,
				216677E41D8909D70031B903 /* Set Version */,
			);
			buildRules = (
			);
			dependencies = (
				212456C01AD92CC70038D30D /* PBXTargetDependency */,
			);
			name = "Redacted-iOS";
			productName = Redacted;
			productReference = 2192BAC41AD0E6C500AC87E2 /* Redacted.app */;
			productType = "com.apple.product-type.application";
		};
/* End PBXNativeTarget section */

/* Begin PBXProject section */
		210EF32F1AC0A35C00ED8E97 /* Project object */ = {
			isa = PBXProject;
			attributes = {
				LastSwiftUpdateCheck = 0700;
				LastUpgradeCheck = 0800;
				ORGANIZATIONNAME = "Nothing Magical Inc.";
				TargetAttributes = {
					210EF3361AC0A35C00ED8E97 = {
						CreatedOnToolsVersion = 6.3;
						DevelopmentTeam = UP9C8XM22A;
						ProvisioningStyle = Automatic;
						SystemCapabilities = {
							com.apple.Sandbox = {
								enabled = 1;
							};
						};
					};
					210EF35D1AC0A39900ED8E97 = {
						CreatedOnToolsVersion = 6.3;
						DevelopmentTeam = UP9C8XM22A;
					};
					212456A91AD92CC70038D30D = {
						CreatedOnToolsVersion = 6.3;
						LastSwiftMigration = 0800;
					};
					2192BAC31AD0E6C500AC87E2 = {
						CreatedOnToolsVersion = 6.3;
						DevelopmentTeam = UP9C8XM22A;
						LastSwiftMigration = 0800;
					};
				};
			};
			buildConfigurationList = 210EF3321AC0A35C00ED8E97 /* Build configuration list for PBXProject "Redacted" */;
			compatibilityVersion = "Xcode 3.2";
			developmentRegion = English;
			hasScannedForEncodings = 0;
			knownRegions = (
				en,
				Base,
				fr,
				nl,
				pt,
				"zh-Hans",
			);
			mainGroup = 210EF32E1AC0A35C00ED8E97;
			productRefGroup = 210EF3381AC0A35C00ED8E97 /* Products */;
			projectDirPath = "";
			projectRoot = "";
			targets = (
				210EF3361AC0A35C00ED8E97 /* Redacted-macOS */,
				210EF35D1AC0A39900ED8E97 /* RedactedKit-macOS */,
				2192BAC31AD0E6C500AC87E2 /* Redacted-iOS */,
				212456A91AD92CC70038D30D /* RedactedKit-iOS */,
			);
		};
/* End PBXProject section */

/* Begin PBXResourcesBuildPhase section */
		210EF3351AC0A35C00ED8E97 /* Resources */ = {
			isa = PBXResourcesBuildPhase;
			buildActionMask = 2147483647;
			files = (
				21CC0D5E1D88FFAA00B3F5DF /* Images.xcassets in Resources */,
				219512291EF23B53000A3D12 /* Localizable.strings in Resources */,
				21CC0D5B1D88FFAA00B3F5DF /* Main.storyboard in Resources */,
				21CC0D5D1D88FFAA00B3F5DF /* Main.strings in Resources */,
			);
			runOnlyForDeploymentPostprocessing = 0;
		};
		210EF35C1AC0A39900ED8E97 /* Resources */ = {
			isa = PBXResourcesBuildPhase;
			buildActionMask = 2147483647;
			files = (
				21B024871D89009300A0B226 /* Localizable.strings in Resources */,
			);
			runOnlyForDeploymentPostprocessing = 0;
		};
		212456A81AD92CC70038D30D /* Resources */ = {
			isa = PBXResourcesBuildPhase;
			buildActionMask = 2147483647;
			files = (
				21E547DD1EF1E752009FA237 /* Localizable.strings in Resources */,
			);
			runOnlyForDeploymentPostprocessing = 0;
		};
		2192BAC21AD0E6C500AC87E2 /* Resources */ = {
			isa = PBXResourcesBuildPhase;
			buildActionMask = 2147483647;
			files = (
				21B0248A1D8900CA00A0B226 /* LaunchScreen.xib in Resources */,
				21E547DE1EF1E75D009FA237 /* Localizable.strings in Resources */,
				21C8CF281EEEF15700261547 /* InfoPlist.strings in Resources */,
				21B024891D8900C100A0B226 /* Images.xcassets in Resources */,
			);
			runOnlyForDeploymentPostprocessing = 0;
		};
/* End PBXResourcesBuildPhase section */

/* Begin PBXShellScriptBuildPhase section */
		216677E21D89099D0031B903 /* Set Version */ = {
			isa = PBXShellScriptBuildPhase;
			buildActionMask = 2147483647;
			files = (
			);
			inputPaths = (
			);
			name = "Set Version";
			outputPaths = (
			);
			runOnlyForDeploymentPostprocessing = 0;
			shellPath = "/usr/bin/env ruby";
			shellScript = "git = `sh /etc/profile; which git`.chomp\napp_build = `#{git} rev-list HEAD --count`.chomp.to_i\n`/usr/libexec/PlistBuddy -c \"Set :CFBundleVersion #{app_build}\" \"${TARGET_BUILD_DIR}/${INFOPLIST_PATH}\"`\nputs \"Updated #{ENV['TARGET_BUILD_DIR']}/#{ENV['INFOPLIST_PATH']}\"";
		};
		216677E31D8909C90031B903 /* Set Version */ = {
			isa = PBXShellScriptBuildPhase;
			buildActionMask = 2147483647;
			files = (
			);
			inputPaths = (
			);
			name = "Set Version";
			outputPaths = (
			);
			runOnlyForDeploymentPostprocessing = 0;
			shellPath = "/usr/bin/env ruby";
			shellScript = "git = `sh /etc/profile; which git`.chomp\napp_build = `#{git} rev-list HEAD --count`.chomp.to_i\n`/usr/libexec/PlistBuddy -c \"Set :CFBundleVersion #{app_build}\" \"${TARGET_BUILD_DIR}/${INFOPLIST_PATH}\"`\nputs \"Updated #{ENV['TARGET_BUILD_DIR']}/#{ENV['INFOPLIST_PATH']}\"";
		};
		216677E41D8909D70031B903 /* Set Version */ = {
			isa = PBXShellScriptBuildPhase;
			buildActionMask = 2147483647;
			files = (
			);
			inputPaths = (
			);
			name = "Set Version";
			outputPaths = (
			);
			runOnlyForDeploymentPostprocessing = 0;
			shellPath = "/usr/bin/env ruby";
			shellScript = "git = `sh /etc/profile; which git`.chomp\napp_build = `#{git} rev-list HEAD --count`.chomp.to_i\n`/usr/libexec/PlistBuddy -c \"Set :CFBundleVersion #{app_build}\" \"${TARGET_BUILD_DIR}/${INFOPLIST_PATH}\"`\nputs \"Updated #{ENV['TARGET_BUILD_DIR']}/#{ENV['INFOPLIST_PATH']}\"";
		};
		216677E51D8909F30031B903 /* Set Version */ = {
			isa = PBXShellScriptBuildPhase;
			buildActionMask = 2147483647;
			files = (
			);
			inputPaths = (
			);
			name = "Set Version";
			outputPaths = (
			);
			runOnlyForDeploymentPostprocessing = 0;
			shellPath = "/usr/bin/env ruby";
			shellScript = "git = `sh /etc/profile; which git`.chomp\napp_build = `#{git} rev-list HEAD --count`.chomp.to_i\n`/usr/libexec/PlistBuddy -c \"Set :CFBundleVersion #{app_build}\" \"${TARGET_BUILD_DIR}/${INFOPLIST_PATH}\"`\nputs \"Updated #{ENV['TARGET_BUILD_DIR']}/#{ENV['INFOPLIST_PATH']}\"";
		};
		2189E4B51AF3DD5F00051BD6 /* Embed Carthage Frameworks */ = {
			isa = PBXShellScriptBuildPhase;
			buildActionMask = 2147483647;
			files = (
			);
			inputPaths = (
				"$(SRCROOT)/Carthage/Build/iOS/X.framework",
				"$(SRCROOT)/Carthage/Build/iOS/Mixpanel.framework",
			);
			name = "Embed Carthage Frameworks";
			outputPaths = (
			);
			runOnlyForDeploymentPostprocessing = 0;
			shellPath = /bin/sh;
			shellScript = "/usr/local/bin/carthage copy-frameworks";
		};
/* End PBXShellScriptBuildPhase section */

/* Begin PBXSourcesBuildPhase section */
		210EF3331AC0A35C00ED8E97 /* Sources */ = {
			isa = PBXSourcesBuildPhase;
			buildActionMask = 2147483647;
			files = (
				21CC0D541D88FFAA00B3F5DF /* EditorWindowController.swift in Sources */,
				21CC0D5A1D88FFAA00B3F5DF /* ToolTipView.swift in Sources */,
				21CC0D501D88FFAA00B3F5DF /* AboutViewController.swift in Sources */,
				21CC0D581D88FFAA00B3F5DF /* NSBezierPath+Redacted.swift in Sources */,
				21CC0D591D88FFAA00B3F5DF /* NSSegmentedControl+Redacted.swift in Sources */,
				21CC0D531D88FFAA00B3F5DF /* EditorViewController.swift in Sources */,
				21CC0D571D88FFAA00B3F5DF /* ModifierClickGestureRecognizer.swift in Sources */,
				21CC0D511D88FFAA00B3F5DF /* AboutWindowController.swift in Sources */,
				21CC0D561D88FFAA00B3F5DF /* Label.swift in Sources */,
				21CC0D521D88FFAA00B3F5DF /* AppDelegate.swift in Sources */,
				21CC0D551D88FFAA00B3F5DF /* ImageDragDestinationView.swift in Sources */,
			);
			runOnlyForDeploymentPostprocessing = 0;
		};
		210EF3591AC0A39900ED8E97 /* Sources */ = {
			isa = PBXSourcesBuildPhase;
			buildActionMask = 2147483647;
			files = (
				216DA47F1EEA583500E39CAE /* RedactedKit.swift in Sources */,
				21B0247A1D89008700A0B226 /* BoundingBoxLayer.swift in Sources */,
				21B024841D89008700A0B226 /* Redaction.swift in Sources */,
				21B024821D89008700A0B226 /* RedactedLayer.swift in Sources */,
				21B0247E1D89008700A0B226 /* CoreGraphics+RedactedKit.swift in Sources */,
				21B024831D89008700A0B226 /* RedactedView.swift in Sources */,
				21B0247F1D89008700A0B226 /* CoreImageLayer.swift in Sources */,
				21B0247D1D89008700A0B226 /* Colors.swift in Sources */,
				21B0247B1D89008700A0B226 /* ChainFilter.swift in Sources */,
				21B024851D89008700A0B226 /* RedactionsController.swift in Sources */,
				21B0247C1D89008700A0B226 /* CIImage+RedactedKit.swift in Sources */,
				21B024801D89008700A0B226 /* HandleLayer.swift in Sources */,
			);
			runOnlyForDeploymentPostprocessing = 0;
		};
		212456A51AD92CC70038D30D /* Sources */ = {
			isa = PBXSourcesBuildPhase;
			buildActionMask = 2147483647;
			files = (
				216DA4801EEA583600E39CAE /* RedactedKit.swift in Sources */,
				21B0246E1D89008700A0B226 /* BoundingBoxLayer.swift in Sources */,
				21B024781D89008700A0B226 /* Redaction.swift in Sources */,
				21B024761D89008700A0B226 /* RedactedLayer.swift in Sources */,
				21B024721D89008700A0B226 /* CoreGraphics+RedactedKit.swift in Sources */,
				21B024771D89008700A0B226 /* RedactedView.swift in Sources */,
				21B024731D89008700A0B226 /* CoreImageLayer.swift in Sources */,
				21B024711D89008700A0B226 /* Colors.swift in Sources */,
				21B0246F1D89008700A0B226 /* ChainFilter.swift in Sources */,
				21B024791D89008700A0B226 /* RedactionsController.swift in Sources */,
				21B024701D89008700A0B226 /* CIImage+RedactedKit.swift in Sources */,
				21B024741D89008700A0B226 /* HandleLayer.swift in Sources */,
			);
			runOnlyForDeploymentPostprocessing = 0;
		};
		2192BAC01AD0E6C500AC87E2 /* Sources */ = {
			isa = PBXSourcesBuildPhase;
			buildActionMask = 2147483647;
			files = (
				216DA4881EEA709200E39CAE /* UIApplicationShortcutItem+Redacted.swift in Sources */,
				21B0248B1D8900CD00A0B226 /* AppDelegate.swift in Sources */,
				21B0248C1D8900CD00A0B226 /* EditorViewController.swift in Sources */,
				21E547D41EF1B682009FA237 /* UIPasteboard+Redacted.swift in Sources */,
				216DA47C1EEA54D400E39CAE /* ToolbarView.swift in Sources */,
				216DA4841EEA5A5600E39CAE /* SegmentedControl.swift in Sources */,
				21E547DA1EF1D853009FA237 /* ToolTipView.swift in Sources */,
				216DA4771EEA49F200E39CAE /* EmptyView.swift in Sources */,
				21E547D81EF1CEE1009FA237 /* EditorViewController+Actions.swift in Sources */,
				21E547D21EF1AC0D009FA237 /* UIAlertAction+Redacted.swift in Sources */,
				216DA48A1EEA715200E39CAE /* LocalizedString.swift in Sources */,
				216DA4861EEA5E5900E39CAE /* ToolbarButton.swift in Sources */,
				21E547DC1EF1D8F8009FA237 /* Label.swift in Sources */,
				21E547D01EF1AA2D009FA237 /* PhotosController.swift in Sources */,
			);
			runOnlyForDeploymentPostprocessing = 0;
		};
/* End PBXSourcesBuildPhase section */

/* Begin PBXTargetDependency section */
		210EF3741AC0A39900ED8E97 /* PBXTargetDependency */ = {
			isa = PBXTargetDependency;
			target = 210EF35D1AC0A39900ED8E97 /* RedactedKit-macOS */;
			targetProxy = 210EF3731AC0A39900ED8E97 /* PBXContainerItemProxy */;
		};
		212456C01AD92CC70038D30D /* PBXTargetDependency */ = {
			isa = PBXTargetDependency;
			target = 212456A91AD92CC70038D30D /* RedactedKit-iOS */;
			targetProxy = 212456BF1AD92CC70038D30D /* PBXContainerItemProxy */;
		};
/* End PBXTargetDependency section */

/* Begin PBXVariantGroup section */
		216DA4781EEA4F6200E39CAE /* Localizable.strings */ = {
			isa = PBXVariantGroup;
			children = (
				216DA4791EEA4F6200E39CAE /* en */,
				21C8CF231EEEF13E00261547 /* nl */,
				21C8CF241EEEF14300261547 /* pt */,
				219512261EF23B35000A3D12 /* zh-Hans */,
			);
			name = Localizable.strings;
			sourceTree = "<group>";
		};
		21C8CF261EEEF15700261547 /* InfoPlist.strings */ = {
			isa = PBXVariantGroup;
			children = (
				21C8CF271EEEF15700261547 /* en */,
				219512251EF23B35000A3D12 /* zh-Hans */,
			);
			name = InfoPlist.strings;
			sourceTree = "<group>";
		};
		21CC0D181D88FFAA00B3F5DF /* LaunchScreen.xib */ = {
			isa = PBXVariantGroup;
			children = (
				21CC0D191D88FFAA00B3F5DF /* Base */,
			);
			name = LaunchScreen.xib;
			sourceTree = "<group>";
		};
		21CC0D2A1D88FFAA00B3F5DF /* Main.storyboard */ = {
			isa = PBXVariantGroup;
			children = (
				21CC0D2B1D88FFAA00B3F5DF /* Base */,
			);
			name = Main.storyboard;
			sourceTree = "<group>";
		};
		21CC0D2D1D88FFAA00B3F5DF /* Main.strings */ = {
			isa = PBXVariantGroup;
			children = (
				21CC0D2E1D88FFAA00B3F5DF /* en */,
				21CC0D2F1D88FFAA00B3F5DF /* fr */,
				216997FA1DCA479700E65D34 /* nl */,
				21021EA31EEEF113008FE1CA /* pt */,
				219512271EF23B45000A3D12 /* zh-Hans */,
			);
			name = Main.strings;
			sourceTree = "<group>";
		};
		21CC0D421D88FFAA00B3F5DF /* Localizable.strings */ = {
			isa = PBXVariantGroup;
			children = (
				21CC0D431D88FFAA00B3F5DF /* en */,
				21CC0D441D88FFAA00B3F5DF /* fr */,
				216997FB1DCA47A000E65D34 /* nl */,
				21C8CF251EEEF14B00261547 /* pt */,
				219512281EF23B53000A3D12 /* zh-Hans */,
			);
			name = Localizable.strings;
			sourceTree = "<group>";
		};
/* End PBXVariantGroup section */

/* Begin XCBuildConfiguration section */
		210EF3511AC0A35D00ED8E97 /* Debug */ = {
			isa = XCBuildConfiguration;
			buildSettings = {
				ALWAYS_SEARCH_USER_PATHS = NO;
				CLANG_ANALYZER_LOCALIZABILITY_NONLOCALIZED = YES;
				CLANG_CXX_LANGUAGE_STANDARD = "gnu++0x";
				CLANG_CXX_LIBRARY = "libc++";
				CLANG_ENABLE_MODULES = YES;
				CLANG_ENABLE_OBJC_ARC = YES;
				CLANG_WARN_BOOL_CONVERSION = YES;
				CLANG_WARN_CONSTANT_CONVERSION = YES;
				CLANG_WARN_DIRECT_OBJC_ISA_USAGE = YES_ERROR;
				CLANG_WARN_EMPTY_BODY = YES;
				CLANG_WARN_ENUM_CONVERSION = YES;
				CLANG_WARN_INFINITE_RECURSION = YES;
				CLANG_WARN_INT_CONVERSION = YES;
				CLANG_WARN_OBJC_ROOT_CLASS = YES_ERROR;
				CLANG_WARN_SUSPICIOUS_MOVE = YES;
				CLANG_WARN_UNREACHABLE_CODE = YES;
				CLANG_WARN__DUPLICATE_METHOD_MATCH = YES;
				CODE_SIGN_IDENTITY = "-";
				COPY_PHASE_STRIP = NO;
				DEBUG_INFORMATION_FORMAT = dwarf;
				ENABLE_STRICT_OBJC_MSGSEND = YES;
				ENABLE_TESTABILITY = YES;
				GCC_C_LANGUAGE_STANDARD = gnu99;
				GCC_DYNAMIC_NO_PIC = NO;
				GCC_NO_COMMON_BLOCKS = YES;
				GCC_OPTIMIZATION_LEVEL = 0;
				GCC_PREPROCESSOR_DEFINITIONS = (
					"DEBUG=1",
					"$(inherited)",
				);
				GCC_SYMBOLS_PRIVATE_EXTERN = NO;
				GCC_WARN_64_TO_32_BIT_CONVERSION = YES;
				GCC_WARN_ABOUT_RETURN_TYPE = YES_ERROR;
				GCC_WARN_UNDECLARED_SELECTOR = YES;
				GCC_WARN_UNINITIALIZED_AUTOS = YES_AGGRESSIVE;
				GCC_WARN_UNUSED_FUNCTION = YES;
				GCC_WARN_UNUSED_VARIABLE = YES;
				IPHONEOS_DEPLOYMENT_TARGET = 10.0;
				MACOSX_DEPLOYMENT_TARGET = 10.11;
				MTL_ENABLE_DEBUG_INFO = YES;
				ONLY_ACTIVE_ARCH = YES;
				OTHER_SWIFT_FLAGS = "-DDEBUG";
				SDKROOT = macosx;
				SWIFT_OPTIMIZATION_LEVEL = "-Onone";
				SWIFT_VERSION = 3.1;
			};
			name = Debug;
		};
		210EF3521AC0A35D00ED8E97 /* Release */ = {
			isa = XCBuildConfiguration;
			buildSettings = {
				ALWAYS_SEARCH_USER_PATHS = NO;
				CLANG_ANALYZER_LOCALIZABILITY_NONLOCALIZED = YES;
				CLANG_CXX_LANGUAGE_STANDARD = "gnu++0x";
				CLANG_CXX_LIBRARY = "libc++";
				CLANG_ENABLE_MODULES = YES;
				CLANG_ENABLE_OBJC_ARC = YES;
				CLANG_WARN_BOOL_CONVERSION = YES;
				CLANG_WARN_CONSTANT_CONVERSION = YES;
				CLANG_WARN_DIRECT_OBJC_ISA_USAGE = YES_ERROR;
				CLANG_WARN_EMPTY_BODY = YES;
				CLANG_WARN_ENUM_CONVERSION = YES;
				CLANG_WARN_INFINITE_RECURSION = YES;
				CLANG_WARN_INT_CONVERSION = YES;
				CLANG_WARN_OBJC_ROOT_CLASS = YES_ERROR;
				CLANG_WARN_SUSPICIOUS_MOVE = YES;
				CLANG_WARN_UNREACHABLE_CODE = YES;
				CLANG_WARN__DUPLICATE_METHOD_MATCH = YES;
				CODE_SIGN_IDENTITY = "-";
				COPY_PHASE_STRIP = YES;
				DEBUG_INFORMATION_FORMAT = "dwarf-with-dsym";
				ENABLE_NS_ASSERTIONS = NO;
				ENABLE_STRICT_OBJC_MSGSEND = YES;
				GCC_C_LANGUAGE_STANDARD = gnu99;
				GCC_GENERATE_DEBUGGING_SYMBOLS = NO;
				GCC_NO_COMMON_BLOCKS = YES;
				GCC_SYMBOLS_PRIVATE_EXTERN = YES;
				GCC_WARN_64_TO_32_BIT_CONVERSION = YES;
				GCC_WARN_ABOUT_RETURN_TYPE = YES_ERROR;
				GCC_WARN_UNDECLARED_SELECTOR = YES;
				GCC_WARN_UNINITIALIZED_AUTOS = YES_AGGRESSIVE;
				GCC_WARN_UNUSED_FUNCTION = YES;
				GCC_WARN_UNUSED_VARIABLE = YES;
				IPHONEOS_DEPLOYMENT_TARGET = 10.0;
				MACOSX_DEPLOYMENT_TARGET = 10.11;
				MTL_ENABLE_DEBUG_INFO = NO;
				SDKROOT = macosx;
				SWIFT_OPTIMIZATION_LEVEL = "-Owholemodule";
				SWIFT_VERSION = 3.1;
			};
			name = Release;
		};
		210EF3541AC0A35D00ED8E97 /* Debug */ = {
			isa = XCBuildConfiguration;
			buildSettings = {
				ALWAYS_EMBED_SWIFT_STANDARD_LIBRARIES = YES;
				ASSETCATALOG_COMPILER_APPICON_NAME = AppIcon;
				CODE_SIGN_IDENTITY = "Mac Developer";
				COMBINE_HIDPI_IMAGES = YES;
				FRAMEWORK_SEARCH_PATHS = (
					"$(inherited)",
					"$(PROJECT_DIR)/Carthage/Build/Mac",
				);
				INFOPLIST_FILE = "$(SRCROOT)/Redacted-macOS/Support/Info.plist";
				LD_RUNPATH_SEARCH_PATHS = "$(inherited) @executable_path/../Frameworks";
				PRODUCT_BUNDLE_IDENTIFIER = "com.nothingmagical.redacted-mac";
				PRODUCT_NAME = Redacted;
				SWIFT_OPTIMIZATION_LEVEL = "-Onone";
				SWIFT_VERSION = 3.1;
			};
			name = Debug;
		};
		210EF3551AC0A35D00ED8E97 /* Release */ = {
			isa = XCBuildConfiguration;
			buildSettings = {
				ALWAYS_EMBED_SWIFT_STANDARD_LIBRARIES = YES;
				ASSETCATALOG_COMPILER_APPICON_NAME = AppIcon;
				CODE_SIGN_ENTITLEMENTS = "Redacted-macOS/Support/Redacted.entitlements";
				CODE_SIGN_IDENTITY = "Mac Developer";
				COMBINE_HIDPI_IMAGES = YES;
				FRAMEWORK_SEARCH_PATHS = (
					"$(inherited)",
					"$(PROJECT_DIR)/Carthage/Build/Mac",
				);
				INFOPLIST_FILE = "$(SRCROOT)/Redacted-macOS/Support/Info.plist";
				LD_RUNPATH_SEARCH_PATHS = "$(inherited) @executable_path/../Frameworks";
				PRODUCT_BUNDLE_IDENTIFIER = "com.nothingmagical.redacted-mac";
				PRODUCT_NAME = Redacted;
				SWIFT_OPTIMIZATION_LEVEL = "-Owholemodule";
				SWIFT_VERSION = 3.1;
			};
			name = Release;
		};
		210EF3781AC0A39900ED8E97 /* Debug */ = {
			isa = XCBuildConfiguration;
			buildSettings = {
				ALWAYS_EMBED_SWIFT_STANDARD_LIBRARIES = YES;
				APPLICATION_EXTENSION_API_ONLY = YES;
				CLANG_ENABLE_MODULES = YES;
				CODE_SIGN_IDENTITY = "";
				COMBINE_HIDPI_IMAGES = YES;
				CURRENT_PROJECT_VERSION = 1;
				DEFINES_MODULE = YES;
				DYLIB_COMPATIBILITY_VERSION = 1;
				DYLIB_CURRENT_VERSION = 1;
				DYLIB_INSTALL_NAME_BASE = "@rpath";
				FRAMEWORK_SEARCH_PATHS = (
					"$(inherited)",
					"$(PROJECT_DIR)/Carthage/Build/Mac",
				);
				FRAMEWORK_VERSION = A;
				GCC_PREPROCESSOR_DEFINITIONS = (
					"DEBUG=1",
					"$(inherited)",
				);
				INFOPLIST_FILE = "$(SRCROOT)/RedactedKit/Support/Info.plist";
				INSTALL_PATH = "$(LOCAL_LIBRARY_DIR)/Frameworks";
				LD_RUNPATH_SEARCH_PATHS = "$(inherited) @executable_path/../Frameworks @loader_path/Frameworks";
				PRODUCT_BUNDLE_IDENTIFIER = "com.nothingmagical.redacted-mac.redactedkit";
				PRODUCT_NAME = RedactedKit;
				SKIP_INSTALL = YES;
				SWIFT_OPTIMIZATION_LEVEL = "-Onone";
				SWIFT_VERSION = 3.1;
				VERSIONING_SYSTEM = "apple-generic";
				VERSION_INFO_PREFIX = "";
			};
			name = Debug;
		};
		210EF3791AC0A39900ED8E97 /* Release */ = {
			isa = XCBuildConfiguration;
			buildSettings = {
				ALWAYS_EMBED_SWIFT_STANDARD_LIBRARIES = YES;
				APPLICATION_EXTENSION_API_ONLY = YES;
				CLANG_ENABLE_MODULES = YES;
				CODE_SIGN_IDENTITY = "";
				COMBINE_HIDPI_IMAGES = YES;
				CURRENT_PROJECT_VERSION = 1;
				DEFINES_MODULE = YES;
				DYLIB_COMPATIBILITY_VERSION = 1;
				DYLIB_CURRENT_VERSION = 1;
				DYLIB_INSTALL_NAME_BASE = "@rpath";
				FRAMEWORK_SEARCH_PATHS = (
					"$(inherited)",
					"$(PROJECT_DIR)/Carthage/Build/Mac",
				);
				FRAMEWORK_VERSION = A;
				INFOPLIST_FILE = "$(SRCROOT)/RedactedKit/Support/Info.plist";
				INSTALL_PATH = "$(LOCAL_LIBRARY_DIR)/Frameworks";
				LD_RUNPATH_SEARCH_PATHS = "$(inherited) @executable_path/../Frameworks @loader_path/Frameworks";
				PRODUCT_BUNDLE_IDENTIFIER = "com.nothingmagical.redacted-mac.redactedkit";
				PRODUCT_NAME = RedactedKit;
				SKIP_INSTALL = YES;
				SWIFT_OPTIMIZATION_LEVEL = "-Owholemodule";
				SWIFT_VERSION = 3.1;
				VERSIONING_SYSTEM = "apple-generic";
				VERSION_INFO_PREFIX = "";
			};
			name = Release;
		};
		212456C41AD92CC70038D30D /* Debug */ = {
			isa = XCBuildConfiguration;
			buildSettings = {
				APPLICATION_EXTENSION_API_ONLY = YES;
				"CODE_SIGN_IDENTITY[sdk=iphoneos*]" = "";
				CURRENT_PROJECT_VERSION = 1;
				DEFINES_MODULE = YES;
				DYLIB_COMPATIBILITY_VERSION = 1;
				DYLIB_CURRENT_VERSION = 1;
				DYLIB_INSTALL_NAME_BASE = "@rpath";
				FRAMEWORK_SEARCH_PATHS = (
					"$(inherited)",
					"$(PROJECT_DIR)/Carthage/Build/iOS",
				);
				GCC_PREPROCESSOR_DEFINITIONS = (
					"DEBUG=1",
					"$(inherited)",
				);
				INFOPLIST_FILE = "$(SRCROOT)/RedactedKit/Support/Info.plist";
				INSTALL_PATH = "$(LOCAL_LIBRARY_DIR)/Frameworks";
				LD_RUNPATH_SEARCH_PATHS = "$(inherited) @executable_path/Frameworks @loader_path/Frameworks";
				PRODUCT_BUNDLE_IDENTIFIER = "com.nothingmagical.redacted-ios.redactedkit";
				PRODUCT_NAME = RedactedKit;
				SDKROOT = iphoneos;
				SKIP_INSTALL = YES;
				SWIFT_VERSION = 3.1;
				TARGETED_DEVICE_FAMILY = "1,2";
				VERSIONING_SYSTEM = "apple-generic";
				VERSION_INFO_PREFIX = "";
			};
			name = Debug;
		};
		212456C51AD92CC70038D30D /* Release */ = {
			isa = XCBuildConfiguration;
			buildSettings = {
				APPLICATION_EXTENSION_API_ONLY = YES;
				"CODE_SIGN_IDENTITY[sdk=iphoneos*]" = "";
				CURRENT_PROJECT_VERSION = 1;
				DEFINES_MODULE = YES;
				DYLIB_COMPATIBILITY_VERSION = 1;
				DYLIB_CURRENT_VERSION = 1;
				DYLIB_INSTALL_NAME_BASE = "@rpath";
				FRAMEWORK_SEARCH_PATHS = (
					"$(inherited)",
					"$(PROJECT_DIR)/Carthage/Build/iOS",
				);
				INFOPLIST_FILE = "$(SRCROOT)/RedactedKit/Support/Info.plist";
				INSTALL_PATH = "$(LOCAL_LIBRARY_DIR)/Frameworks";
				LD_RUNPATH_SEARCH_PATHS = "$(inherited) @executable_path/Frameworks @loader_path/Frameworks";
				PRODUCT_BUNDLE_IDENTIFIER = "com.nothingmagical.redacted-ios.redactedkit";
				PRODUCT_NAME = RedactedKit;
				SDKROOT = iphoneos;
				SKIP_INSTALL = YES;
				SWIFT_VERSION = 3.1;
				TARGETED_DEVICE_FAMILY = "1,2";
				VALIDATE_PRODUCT = YES;
				VERSIONING_SYSTEM = "apple-generic";
				VERSION_INFO_PREFIX = "";
			};
			name = Release;
		};
		2192BAE11AD0E6C500AC87E2 /* Debug */ = {
			isa = XCBuildConfiguration;
			buildSettings = {
				ALWAYS_EMBED_SWIFT_STANDARD_LIBRARIES = YES;
				ASSETCATALOG_COMPILER_APPICON_NAME = AppIcon;
				CODE_SIGN_IDENTITY = "iPhone Developer";
				"CODE_SIGN_IDENTITY[sdk=iphoneos*]" = "iPhone Developer";
				FRAMEWORK_SEARCH_PATHS = (
					"$(inherited)",
					"$(USER_LIBRARY_DIR)/Developer/Xcode/DerivedData/Redacted-dxuxvilcedhbknbjvgdunyeexepy/Build/Products/Debug-iphoneos",
					"$(PROJECT_DIR)/Carthage/Build/iOS",
				);
				GCC_PREPROCESSOR_DEFINITIONS = (
					"DEBUG=1",
					"$(inherited)",
				);
				INFOPLIST_FILE = "$(SRCROOT)/Redacted-iOS/Support/Info.plist";
				LD_RUNPATH_SEARCH_PATHS = "$(inherited) @executable_path/Frameworks";
				PRODUCT_BUNDLE_IDENTIFIER = "com.nothingmagical.redacted-ios";
				PRODUCT_NAME = Redacted;
				SDKROOT = iphoneos;
				SWIFT_VERSION = 3.1;
				TARGETED_DEVICE_FAMILY = "1,2";
			};
			name = Debug;
		};
		2192BAE21AD0E6C500AC87E2 /* Release */ = {
			isa = XCBuildConfiguration;
			buildSettings = {
				ALWAYS_EMBED_SWIFT_STANDARD_LIBRARIES = YES;
				ASSETCATALOG_COMPILER_APPICON_NAME = AppIcon;
				CODE_SIGN_IDENTITY = "iPhone Developer";
				"CODE_SIGN_IDENTITY[sdk=iphoneos*]" = "iPhone Developer";
				FRAMEWORK_SEARCH_PATHS = (
					"$(inherited)",
					"$(USER_LIBRARY_DIR)/Developer/Xcode/DerivedData/Redacted-dxuxvilcedhbknbjvgdunyeexepy/Build/Products/Debug-iphoneos",
					"$(PROJECT_DIR)/Carthage/Build/iOS",
				);
				INFOPLIST_FILE = "$(SRCROOT)/Redacted-iOS/Support/Info.plist";
				LD_RUNPATH_SEARCH_PATHS = "$(inherited) @executable_path/Frameworks";
				PRODUCT_BUNDLE_IDENTIFIER = "com.nothingmagical.redacted-ios";
				PRODUCT_NAME = Redacted;
				SDKROOT = iphoneos;
				SWIFT_VERSION = 3.1;
				TARGETED_DEVICE_FAMILY = "1,2";
				VALIDATE_PRODUCT = YES;
			};
			name = Release;
		};
/* End XCBuildConfiguration section */

/* Begin XCConfigurationList section */
		210EF3321AC0A35C00ED8E97 /* Build configuration list for PBXProject "Redacted" */ = {
			isa = XCConfigurationList;
			buildConfigurations = (
				210EF3511AC0A35D00ED8E97 /* Debug */,
				210EF3521AC0A35D00ED8E97 /* Release */,
			);
			defaultConfigurationIsVisible = 0;
			defaultConfigurationName = Release;
		};
		210EF3531AC0A35D00ED8E97 /* Build configuration list for PBXNativeTarget "Redacted-macOS" */ = {
			isa = XCConfigurationList;
			buildConfigurations = (
				210EF3541AC0A35D00ED8E97 /* Debug */,
				210EF3551AC0A35D00ED8E97 /* Release */,
			);
			defaultConfigurationIsVisible = 0;
			defaultConfigurationName = Release;
		};
		210EF3771AC0A39900ED8E97 /* Build configuration list for PBXNativeTarget "RedactedKit-macOS" */ = {
			isa = XCConfigurationList;
			buildConfigurations = (
				210EF3781AC0A39900ED8E97 /* Debug */,
				210EF3791AC0A39900ED8E97 /* Release */,
			);
			defaultConfigurationIsVisible = 0;
			defaultConfigurationName = Release;
		};
		212456C31AD92CC70038D30D /* Build configuration list for PBXNativeTarget "RedactedKit-iOS" */ = {
			isa = XCConfigurationList;
			buildConfigurations = (
				212456C41AD92CC70038D30D /* Debug */,
				212456C51AD92CC70038D30D /* Release */,
			);
			defaultConfigurationIsVisible = 0;
			defaultConfigurationName = Release;
		};
		2192BAE01AD0E6C500AC87E2 /* Build configuration list for PBXNativeTarget "Redacted-iOS" */ = {
			isa = XCConfigurationList;
			buildConfigurations = (
				2192BAE11AD0E6C500AC87E2 /* Debug */,
				2192BAE21AD0E6C500AC87E2 /* Release */,
			);
			defaultConfigurationIsVisible = 0;
			defaultConfigurationName = Release;
		};
/* End XCConfigurationList section */
	};
	rootObject = 210EF32F1AC0A35C00ED8E97 /* Project object */;
}
